// !$*UTF8*$!
{
	archiveVersion = 1;
	classes = {
	};
	objectVersion = 46;
	objects = {

/* Begin PBXBuildFile section */
		C31401181C001F880050400C /* WRTipDetailViewController.m in Sources */ = {isa = PBXBuildFile; fileRef = C31401171C001F880050400C /* WRTipDetailViewController.m */; };
		C314011F1C004E660050400C /* ProfileView.m in Sources */ = {isa = PBXBuildFile; fileRef = C314011E1C004E660050400C /* ProfileView.m */; };
		C31401231C0050D40050400C /* ProfileModel.m in Sources */ = {isa = PBXBuildFile; fileRef = C31401221C0050D40050400C /* ProfileModel.m */; };
		C31401271C0053BD0050400C /* WRProfileViewController.m in Sources */ = {isa = PBXBuildFile; fileRef = C31401261C0053BD0050400C /* WRProfileViewController.m */; };
		C314012A1C0053F30050400C /* ProfileHeaderView.m in Sources */ = {isa = PBXBuildFile; fileRef = C31401291C0053F30050400C /* ProfileHeaderView.m */; };
		C314012D1C0057450050400C /* ProfileLoginView.m in Sources */ = {isa = PBXBuildFile; fileRef = C314012C1C0057450050400C /* ProfileLoginView.m */; };
		C31401301C0061540050400C /* ProfileCollectView.m in Sources */ = {isa = PBXBuildFile; fileRef = C314012F1C0061540050400C /* ProfileCollectView.m */; };
		C31401331C00660F0050400C /* ProfileCollectCell.m in Sources */ = {isa = PBXBuildFile; fileRef = C31401321C00660F0050400C /* ProfileCollectCell.m */; };
		C3282B041BF0D14D00331012 /* BaseNetManager.m in Sources */ = {isa = PBXBuildFile; fileRef = C3282B011BF0D14D00331012 /* BaseNetManager.m */; };
		C3282B0B1BF0D41700331012 /* BaseViewModel.m in Sources */ = {isa = PBXBuildFile; fileRef = C3282B0A1BF0D41700331012 /* BaseViewModel.m */; };
		C35BCC681BFD68B6005561AF /* WRTabBarController.m in Sources */ = {isa = PBXBuildFile; fileRef = C35BCC671BFD68B6005561AF /* WRTabBarController.m */; };
		C35BCC6E1BFD6A31005561AF /* DealsDetailViewController.m in Sources */ = {isa = PBXBuildFile; fileRef = C35BCC6B1BFD6A31005561AF /* DealsDetailViewController.m */; };
		C35BCC751BFD6A5C005561AF /* DealsDetailViewModel.m in Sources */ = {isa = PBXBuildFile; fileRef = C35BCC721BFD6A5C005561AF /* DealsDetailViewModel.m */; };
		C35BCC761BFD6A5C005561AF /* DealsViewModel.m in Sources */ = {isa = PBXBuildFile; fileRef = C35BCC741BFD6A5C005561AF /* DealsViewModel.m */; };
		C35BCC7A1BFD6A80005561AF /* DealsNetManager.m in Sources */ = {isa = PBXBuildFile; fileRef = C35BCC791BFD6A80005561AF /* DealsNetManager.m */; };
		C35BCC821BFD6A9C005561AF /* DealsDetailModel.m in Sources */ = {isa = PBXBuildFile; fileRef = C35BCC7D1BFD6A9C005561AF /* DealsDetailModel.m */; };
		C35BCC831BFD6A9C005561AF /* DealsModel.m in Sources */ = {isa = PBXBuildFile; fileRef = C35BCC7F1BFD6A9C005561AF /* DealsModel.m */; };
		C35BCC841BFD6A9C005561AF /* DealsPriceInfoModel.m in Sources */ = {isa = PBXBuildFile; fileRef = C35BCC811BFD6A9C005561AF /* DealsPriceInfoModel.m */; };
		C35BCC8E1BFD6ABF005561AF /* DealsCell.m in Sources */ = {isa = PBXBuildFile; fileRef = C35BCC871BFD6ABF005561AF /* DealsCell.m */; };
		C35BCC8F1BFD6ABF005561AF /* DealsDetailView.m in Sources */ = {isa = PBXBuildFile; fileRef = C35BCC891BFD6ABF005561AF /* DealsDetailView.m */; };
		C35BCC901BFD6ABF005561AF /* PriceView.m in Sources */ = {isa = PBXBuildFile; fileRef = C35BCC8B1BFD6ABF005561AF /* PriceView.m */; };
		C35BCC911BFD6ABF005561AF /* TimeView.m in Sources */ = {isa = PBXBuildFile; fileRef = C35BCC8D1BFD6ABF005561AF /* TimeView.m */; };
		C35BCC981BFD6BF2005561AF /* WRTipViewController.m in Sources */ = {isa = PBXBuildFile; fileRef = C35BCC971BFD6BF2005561AF /* WRTipViewController.m */; };
		C35BCC9B1BFD6D0C005561AF /* WRCommendViewController.m in Sources */ = {isa = PBXBuildFile; fileRef = C35BCC9A1BFD6D0C005561AF /* WRCommendViewController.m */; };
		C35BCC9F1BFD786C005561AF /* WRSettingViewController.m in Sources */ = {isa = PBXBuildFile; fileRef = C35BCC9E1BFD786C005561AF /* WRSettingViewController.m */; };
		C35BCCA31BFD7A8A005561AF /* CommendViewController.m in Sources */ = {isa = PBXBuildFile; fileRef = C35BCCA21BFD7A8A005561AF /* CommendViewController.m */; };
		C35BCCAA1BFDA7B8005561AF /* TipListModel.m in Sources */ = {isa = PBXBuildFile; fileRef = C35BCCA91BFDA7B8005561AF /* TipListModel.m */; };
		C35BCCAE1BFDAAB2005561AF /* GoodlistCell.m in Sources */ = {isa = PBXBuildFile; fileRef = C35BCCAD1BFDAAB2005561AF /* GoodlistCell.m */; };
		C35BCCB91BFDB5DA005561AF /* WRGoodListViewController.m in Sources */ = {isa = PBXBuildFile; fileRef = C35BCCB81BFDB5DA005561AF /* WRGoodListViewController.m */; };
		C35BCCC01BFDBC63005561AF /* SharePicNetManager.m in Sources */ = {isa = PBXBuildFile; fileRef = C35BCCBF1BFDBC63005561AF /* SharePicNetManager.m */; };
		C35BCCC41BFDC360005561AF /* TipViewModel.m in Sources */ = {isa = PBXBuildFile; fileRef = C35BCCC31BFDC360005561AF /* TipViewModel.m */; };
		C35BCCC81BFDF142005561AF /* TipCell.m in Sources */ = {isa = PBXBuildFile; fileRef = C35BCCC71BFDF142005561AF /* TipCell.m */; };
		C35BCCCB1BFDF54D005561AF /* ShowPicCell.m in Sources */ = {isa = PBXBuildFile; fileRef = C35BCCCA1BFDF54D005561AF /* ShowPicCell.m */; };
		C35BCCCE1BFDF5F0005561AF /* ShareLableView.m in Sources */ = {isa = PBXBuildFile; fileRef = C35BCCCD1BFDF5F0005561AF /* ShareLableView.m */; };
		C35BCCD11BFDFF21005561AF /* TipViewController.m in Sources */ = {isa = PBXBuildFile; fileRef = C35BCCD01BFDFF21005561AF /* TipViewController.m */; };
		C35C84961BF08602005ED3B9 /* AppDelegate.m in Sources */ = {isa = PBXBuildFile; fileRef = C35C84931BF08602005ED3B9 /* AppDelegate.m */; };
		C35C84991BF08637005ED3B9 /* AppDelegate+Category.m in Sources */ = {isa = PBXBuildFile; fileRef = C35C84981BF08637005ED3B9 /* AppDelegate+Category.m */; };
		C35C84A21BF0B11C005ED3B9 /* BaseModel.m in Sources */ = {isa = PBXBuildFile; fileRef = C35C84A11BF0B11C005ED3B9 /* BaseModel.m */; };
		C376DDBB1BF1C46E0027610D /* WRLeftViewController.m in Sources */ = {isa = PBXBuildFile; fileRef = C376DDBA1BF1C46E0027610D /* WRLeftViewController.m */; };
		C376DDBF1BF1C9D80027610D /* WRNaviTool.m in Sources */ = {isa = PBXBuildFile; fileRef = C376DDBE1BF1C9D80027610D /* WRNaviTool.m */; };
		C376DDC51BF20A990027610D /* WRTool.m in Sources */ = {isa = PBXBuildFile; fileRef = C376DDC41BF20A990027610D /* WRTool.m */; };
		C37D1D7E1BFEC1EC00A16E1A /* TipDetailModel.m in Sources */ = {isa = PBXBuildFile; fileRef = C37D1D7D1BFEC1EC00A16E1A /* TipDetailModel.m */; };
		C37D1D811BFEF7CF00A16E1A /* NSObject+Common.m in Sources */ = {isa = PBXBuildFile; fileRef = C37D1D801BFEF7CF00A16E1A /* NSObject+Common.m */; };
		C37D1D841BFEFCC300A16E1A /* TipDetailView.m in Sources */ = {isa = PBXBuildFile; fileRef = C37D1D831BFEFCC300A16E1A /* TipDetailView.m */; };
		C37D1D871BFEFF6000A16E1A /* CommentTableView.m in Sources */ = {isa = PBXBuildFile; fileRef = C37D1D861BFEFF6000A16E1A /* CommentTableView.m */; };
		C37D1D8A1BFF0B1C00A16E1A /* WRHeadView.m in Sources */ = {isa = PBXBuildFile; fileRef = C37D1D891BFF0B1C00A16E1A /* WRHeadView.m */; };
		C37D1D8D1BFF444A00A16E1A /* WRBuyButton.m in Sources */ = {isa = PBXBuildFile; fileRef = C37D1D8C1BFF444A00A16E1A /* WRBuyButton.m */; };
		C37D1D901BFF4D5800A16E1A /* WRNavigationController.m in Sources */ = {isa = PBXBuildFile; fileRef = C37D1D8F1BFF4D5800A16E1A /* WRNavigationController.m */; };
		C37D1D931BFF50F300A16E1A /* UIBarButtonItem+item.m in Sources */ = {isa = PBXBuildFile; fileRef = C37D1D921BFF50F300A16E1A /* UIBarButtonItem+item.m */; };
		C3ADED121BF7085F006E00BB /* SearchResultModel.m in Sources */ = {isa = PBXBuildFile; fileRef = C3ADED111BF7085F006E00BB /* SearchResultModel.m */; };
		C3ADED151BF70AEC006E00BB /* SearchResultCell.m in Sources */ = {isa = PBXBuildFile; fileRef = C3ADED141BF70AEC006E00BB /* SearchResultCell.m */; };
		C3ADED181BF7112D006E00BB /* SearchResultViewModel.m in Sources */ = {isa = PBXBuildFile; fileRef = C3ADED171BF7112D006E00BB /* SearchResultViewModel.m */; };
		C3ADED1B1BF713DD006E00BB /* WRSearchResultViewController.m in Sources */ = {isa = PBXBuildFile; fileRef = C3ADED1A1BF713DD006E00BB /* WRSearchResultViewController.m */; };
		C3B3FC3E1BF2DB7500879635 /* NSString+WREncode.m in Sources */ = {isa = PBXBuildFile; fileRef = C3B3FC3D1BF2DB7400879635 /* NSString+WREncode.m */; };
		C3B3FC531BF31E9900879635 /* NSString+Extension.m in Sources */ = {isa = PBXBuildFile; fileRef = C3B3FC521BF31E9900879635 /* NSString+Extension.m */; };
		C3B3FC591BF3647D00879635 /* UIView+Extension.m in Sources */ = {isa = PBXBuildFile; fileRef = C3B3FC581BF3647D00879635 /* UIView+Extension.m */; };
		C3B91A601BF9B30A006C3056 /* SearchDetailModel.m in Sources */ = {isa = PBXBuildFile; fileRef = C3B91A5F1BF9B30A006C3056 /* SearchDetailModel.m */; };
		C3B91AF21BF9F100006C3056 /* WRShopPriceViewController.m in Sources */ = {isa = PBXBuildFile; fileRef = C3B91AF11BF9F100006C3056 /* WRShopPriceViewController.m */; };
		C3CCB5811BF4354B005A0660 /* NSDate+Extension.m in Sources */ = {isa = PBXBuildFile; fileRef = C3CCB5801BF4354B005A0660 /* NSDate+Extension.m */; };
		C3E4D3D71C01591700A38DFB /* WRLoginViewController.m in Sources */ = {isa = PBXBuildFile; fileRef = C3E4D3D61C01591700A38DFB /* WRLoginViewController.m */; };
		C3E4D3DB1C01646D00A38DFB /* WRBmobTool.m in Sources */ = {isa = PBXBuildFile; fileRef = C3E4D3DA1C01646D00A38DFB /* WRBmobTool.m */; };
		C3E4D3DE1C01665F00A38DFB /* ProfileRegistView.m in Sources */ = {isa = PBXBuildFile; fileRef = C3E4D3DD1C01665F00A38DFB /* ProfileRegistView.m */; };
		C3E4D3E11C01681C00A38DFB /* WRRegisViewController.m in Sources */ = {isa = PBXBuildFile; fileRef = C3E4D3E01C01681C00A38DFB /* WRRegisViewController.m */; };
		C3E4D3E41C01A23B00A38DFB /* ProfileSettingView.m in Sources */ = {isa = PBXBuildFile; fileRef = C3E4D3E31C01A23B00A38DFB /* ProfileSettingView.m */; };
		C3E4D3EC1C01BD4800A38DFB /* WRAccount.m in Sources */ = {isa = PBXBuildFile; fileRef = C3E4D3EB1C01BD4800A38DFB /* WRAccount.m */; };
		C3E4D3EF1C01BD5800A38DFB /* WRAccountTool.m in Sources */ = {isa = PBXBuildFile; fileRef = C3E4D3EE1C01BD5800A38DFB /* WRAccountTool.m */; };
		C3E4D3F31C01BE8900A38DFB /* WRQAuthViewController.m in Sources */ = {isa = PBXBuildFile; fileRef = C3E4D3F21C01BE8900A38DFB /* WRQAuthViewController.m */; };
		C3EEAE1A1BFAD9DB004EBD7D /* ShopPriceHeaderView.m in Sources */ = {isa = PBXBuildFile; fileRef = C3EEAE191BFAD9DB004EBD7D /* ShopPriceHeaderView.m */; };
		C3EEAE1D1BFADAE2004EBD7D /* ShopPriceListView.m in Sources */ = {isa = PBXBuildFile; fileRef = C3EEAE1C1BFADAE2004EBD7D /* ShopPriceListView.m */; };
		C3EEB4F31BFB4AFB004EBD7D /* WRToolBar.m in Sources */ = {isa = PBXBuildFile; fileRef = C3EEB4F21BFB4AFB004EBD7D /* WRToolBar.m */; };
		C3EEB4F61BFB4DE0004EBD7D /* WRCompareView.m in Sources */ = {isa = PBXBuildFile; fileRef = C3EEB4F51BFB4DE0004EBD7D /* WRCompareView.m */; };
		C3EEB4F91BFB5EE7004EBD7D /* WRCover.m in Sources */ = {isa = PBXBuildFile; fileRef = C3EEB4F81BFB5EE7004EBD7D /* WRCover.m */; };
		C3F459601BF5BB160044850E /* WRTitleBarButton.m in Sources */ = {isa = PBXBuildFile; fileRef = C3F4595F1BF5BB160044850E /* WRTitleBarButton.m */; };
		C3F459671BF5BFA70044850E /* WRSearchBar.m in Sources */ = {isa = PBXBuildFile; fileRef = C3F459661BF5BFA70044850E /* WRSearchBar.m */; };
		C3F4596A1BF5C0880044850E /* UIImage+Extension.m in Sources */ = {isa = PBXBuildFile; fileRef = C3F459691BF5C0880044850E /* UIImage+Extension.m */; };
		C3F4596E1BF5C9A20044850E /* ShopModel.m in Sources */ = {isa = PBXBuildFile; fileRef = C3F4596D1BF5C9A20044850E /* ShopModel.m */; };
		C3F459721BF5CA280044850E /* SearchNetManager.m in Sources */ = {isa = PBXBuildFile; fileRef = C3F459711BF5CA280044850E /* SearchNetManager.m */; };
		C3F459761BF5CB0E0044850E /* SearchViewModel.m in Sources */ = {isa = PBXBuildFile; fileRef = C3F459751BF5CB0E0044850E /* SearchViewModel.m */; };
		C3F459791BF5CB400044850E /* ShopViewModel.m in Sources */ = {isa = PBXBuildFile; fileRef = C3F459781BF5CB400044850E /* ShopViewModel.m */; };
		C3F4597C1BF5D7140044850E /* WRShopListView.m in Sources */ = {isa = PBXBuildFile; fileRef = C3F4597B1BF5D7140044850E /* WRShopListView.m */; };
		C3F459801BF5F68D0044850E /* WRShopViewController.m in Sources */ = {isa = PBXBuildFile; fileRef = C3F4597F1BF5F68D0044850E /* WRShopViewController.m */; };
		C3F459831BF5FB100044850E /* WRSearchViewController.m in Sources */ = {isa = PBXBuildFile; fileRef = C3F459821BF5FB100044850E /* WRSearchViewController.m */; };
		C3F459861BF6050E0044850E /* SearchModel.m in Sources */ = {isa = PBXBuildFile; fileRef = C3F459851BF6050E0044850E /* SearchModel.m */; };
		C3F788861BF03DD800B48C4D /* main.m in Sources */ = {isa = PBXBuildFile; fileRef = C3F788851BF03DD800B48C4D /* main.m */; };
		C3F788911BF03DD800B48C4D /* Assets.xcassets in Resources */ = {isa = PBXBuildFile; fileRef = C3F788901BF03DD800B48C4D /* Assets.xcassets */; };
		FD0E76D6B255495A729E3E81 /* libPods-比价.a in Frameworks */ = {isa = PBXBuildFile; fileRef = 50AB0C584EE8147836C219A3 /* libPods-比价.a */; };
/* End PBXBuildFile section */

/* Begin PBXFileReference section */
		3BE050ECCB04D23616F7091A /* Pods-比价.release.xcconfig */ = {isa = PBXFileReference; includeInIndex = 1; lastKnownFileType = text.xcconfig; name = "Pods-比价.release.xcconfig"; path = "Pods/Target Support Files/Pods-比价/Pods-比价.release.xcconfig"; sourceTree = "<group>"; };
		4538C3FDE8CB82AF8BA961F3 /* Pods-比价.debug.xcconfig */ = {isa = PBXFileReference; includeInIndex = 1; lastKnownFileType = text.xcconfig; name = "Pods-比价.debug.xcconfig"; path = "Pods/Target Support Files/Pods-比价/Pods-比价.debug.xcconfig"; sourceTree = "<group>"; };
		50AB0C584EE8147836C219A3 /* libPods-比价.a */ = {isa = PBXFileReference; explicitFileType = archive.ar; includeInIndex = 0; path = "libPods-比价.a"; sourceTree = BUILT_PRODUCTS_DIR; };
		C31401161C001F880050400C /* WRTipDetailViewController.h */ = {isa = PBXFileReference; fileEncoding = 4; lastKnownFileType = sourcecode.c.h; path = WRTipDetailViewController.h; sourceTree = "<group>"; };
		C31401171C001F880050400C /* WRTipDetailViewController.m */ = {isa = PBXFileReference; fileEncoding = 4; lastKnownFileType = sourcecode.c.objc; path = WRTipDetailViewController.m; sourceTree = "<group>"; };
		C314011D1C004E660050400C /* ProfileView.h */ = {isa = PBXFileReference; fileEncoding = 4; lastKnownFileType = sourcecode.c.h; path = ProfileView.h; sourceTree = "<group>"; };
		C314011E1C004E660050400C /* ProfileView.m */ = {isa = PBXFileReference; fileEncoding = 4; lastKnownFileType = sourcecode.c.objc; path = ProfileView.m; sourceTree = "<group>"; };
		C31401211C0050D40050400C /* ProfileModel.h */ = {isa = PBXFileReference; fileEncoding = 4; lastKnownFileType = sourcecode.c.h; path = ProfileModel.h; sourceTree = "<group>"; };
		C31401221C0050D40050400C /* ProfileModel.m */ = {isa = PBXFileReference; fileEncoding = 4; lastKnownFileType = sourcecode.c.objc; path = ProfileModel.m; sourceTree = "<group>"; };
		C31401251C0053BD0050400C /* WRProfileViewController.h */ = {isa = PBXFileReference; fileEncoding = 4; lastKnownFileType = sourcecode.c.h; path = WRProfileViewController.h; sourceTree = "<group>"; };
		C31401261C0053BD0050400C /* WRProfileViewController.m */ = {isa = PBXFileReference; fileEncoding = 4; lastKnownFileType = sourcecode.c.objc; path = WRProfileViewController.m; sourceTree = "<group>"; };
		C31401281C0053F30050400C /* ProfileHeaderView.h */ = {isa = PBXFileReference; fileEncoding = 4; lastKnownFileType = sourcecode.c.h; path = ProfileHeaderView.h; sourceTree = "<group>"; };
		C31401291C0053F30050400C /* ProfileHeaderView.m */ = {isa = PBXFileReference; fileEncoding = 4; lastKnownFileType = sourcecode.c.objc; path = ProfileHeaderView.m; sourceTree = "<group>"; };
		C314012B1C0057450050400C /* ProfileLoginView.h */ = {isa = PBXFileReference; fileEncoding = 4; lastKnownFileType = sourcecode.c.h; path = ProfileLoginView.h; sourceTree = "<group>"; };
		C314012C1C0057450050400C /* ProfileLoginView.m */ = {isa = PBXFileReference; fileEncoding = 4; lastKnownFileType = sourcecode.c.objc; path = ProfileLoginView.m; sourceTree = "<group>"; };
		C314012E1C0061540050400C /* ProfileCollectView.h */ = {isa = PBXFileReference; fileEncoding = 4; lastKnownFileType = sourcecode.c.h; path = ProfileCollectView.h; sourceTree = "<group>"; };
		C314012F1C0061540050400C /* ProfileCollectView.m */ = {isa = PBXFileReference; fileEncoding = 4; lastKnownFileType = sourcecode.c.objc; path = ProfileCollectView.m; sourceTree = "<group>"; };
		C31401311C00660F0050400C /* ProfileCollectCell.h */ = {isa = PBXFileReference; fileEncoding = 4; lastKnownFileType = sourcecode.c.h; path = ProfileCollectCell.h; sourceTree = "<group>"; };
		C31401321C00660F0050400C /* ProfileCollectCell.m */ = {isa = PBXFileReference; fileEncoding = 4; lastKnownFileType = sourcecode.c.objc; path = ProfileCollectCell.m; sourceTree = "<group>"; };
		C3282B001BF0D14D00331012 /* BaseNetManager.h */ = {isa = PBXFileReference; fileEncoding = 4; lastKnownFileType = sourcecode.c.h; path = BaseNetManager.h; sourceTree = "<group>"; };
		C3282B011BF0D14D00331012 /* BaseNetManager.m */ = {isa = PBXFileReference; fileEncoding = 4; lastKnownFileType = sourcecode.c.objc; path = BaseNetManager.m; sourceTree = "<group>"; };
		C3282B091BF0D41700331012 /* BaseViewModel.h */ = {isa = PBXFileReference; fileEncoding = 4; lastKnownFileType = sourcecode.c.h; path = BaseViewModel.h; sourceTree = "<group>"; };
		C3282B0A1BF0D41700331012 /* BaseViewModel.m */ = {isa = PBXFileReference; fileEncoding = 4; lastKnownFileType = sourcecode.c.objc; path = BaseViewModel.m; sourceTree = "<group>"; };
		C35BCC661BFD68B6005561AF /* WRTabBarController.h */ = {isa = PBXFileReference; fileEncoding = 4; lastKnownFileType = sourcecode.c.h; path = WRTabBarController.h; sourceTree = "<group>"; };
		C35BCC671BFD68B6005561AF /* WRTabBarController.m */ = {isa = PBXFileReference; fileEncoding = 4; lastKnownFileType = sourcecode.c.objc; path = WRTabBarController.m; sourceTree = "<group>"; };
		C35BCC6A1BFD6A31005561AF /* DealsDetailViewController.h */ = {isa = PBXFileReference; fileEncoding = 4; lastKnownFileType = sourcecode.c.h; path = DealsDetailViewController.h; sourceTree = "<group>"; };
		C35BCC6B1BFD6A31005561AF /* DealsDetailViewController.m */ = {isa = PBXFileReference; fileEncoding = 4; lastKnownFileType = sourcecode.c.objc; path = DealsDetailViewController.m; sourceTree = "<group>"; };
		C35BCC711BFD6A5C005561AF /* DealsDetailViewModel.h */ = {isa = PBXFileReference; fileEncoding = 4; lastKnownFileType = sourcecode.c.h; path = DealsDetailViewModel.h; sourceTree = "<group>"; };
		C35BCC721BFD6A5C005561AF /* DealsDetailViewModel.m */ = {isa = PBXFileReference; fileEncoding = 4; lastKnownFileType = sourcecode.c.objc; path = DealsDetailViewModel.m; sourceTree = "<group>"; };
		C35BCC731BFD6A5C005561AF /* DealsViewModel.h */ = {isa = PBXFileReference; fileEncoding = 4; lastKnownFileType = sourcecode.c.h; path = DealsViewModel.h; sourceTree = "<group>"; };
		C35BCC741BFD6A5C005561AF /* DealsViewModel.m */ = {isa = PBXFileReference; fileEncoding = 4; lastKnownFileType = sourcecode.c.objc; path = DealsViewModel.m; sourceTree = "<group>"; };
		C35BCC781BFD6A80005561AF /* DealsNetManager.h */ = {isa = PBXFileReference; fileEncoding = 4; lastKnownFileType = sourcecode.c.h; path = DealsNetManager.h; sourceTree = "<group>"; };
		C35BCC791BFD6A80005561AF /* DealsNetManager.m */ = {isa = PBXFileReference; fileEncoding = 4; lastKnownFileType = sourcecode.c.objc; path = DealsNetManager.m; sourceTree = "<group>"; };
		C35BCC7C1BFD6A9C005561AF /* DealsDetailModel.h */ = {isa = PBXFileReference; fileEncoding = 4; lastKnownFileType = sourcecode.c.h; path = DealsDetailModel.h; sourceTree = "<group>"; };
		C35BCC7D1BFD6A9C005561AF /* DealsDetailModel.m */ = {isa = PBXFileReference; fileEncoding = 4; lastKnownFileType = sourcecode.c.objc; path = DealsDetailModel.m; sourceTree = "<group>"; };
		C35BCC7E1BFD6A9C005561AF /* DealsModel.h */ = {isa = PBXFileReference; fileEncoding = 4; lastKnownFileType = sourcecode.c.h; path = DealsModel.h; sourceTree = "<group>"; };
		C35BCC7F1BFD6A9C005561AF /* DealsModel.m */ = {isa = PBXFileReference; fileEncoding = 4; lastKnownFileType = sourcecode.c.objc; path = DealsModel.m; sourceTree = "<group>"; };
		C35BCC801BFD6A9C005561AF /* DealsPriceInfoModel.h */ = {isa = PBXFileReference; fileEncoding = 4; lastKnownFileType = sourcecode.c.h; path = DealsPriceInfoModel.h; sourceTree = "<group>"; };
		C35BCC811BFD6A9C005561AF /* DealsPriceInfoModel.m */ = {isa = PBXFileReference; fileEncoding = 4; lastKnownFileType = sourcecode.c.objc; path = DealsPriceInfoModel.m; sourceTree = "<group>"; };
		C35BCC861BFD6ABF005561AF /* DealsCell.h */ = {isa = PBXFileReference; fileEncoding = 4; lastKnownFileType = sourcecode.c.h; path = DealsCell.h; sourceTree = "<group>"; };
		C35BCC871BFD6ABF005561AF /* DealsCell.m */ = {isa = PBXFileReference; fileEncoding = 4; lastKnownFileType = sourcecode.c.objc; path = DealsCell.m; sourceTree = "<group>"; };
		C35BCC881BFD6ABF005561AF /* DealsDetailView.h */ = {isa = PBXFileReference; fileEncoding = 4; lastKnownFileType = sourcecode.c.h; path = DealsDetailView.h; sourceTree = "<group>"; };
		C35BCC891BFD6ABF005561AF /* DealsDetailView.m */ = {isa = PBXFileReference; fileEncoding = 4; lastKnownFileType = sourcecode.c.objc; path = DealsDetailView.m; sourceTree = "<group>"; };
		C35BCC8A1BFD6ABF005561AF /* PriceView.h */ = {isa = PBXFileReference; fileEncoding = 4; lastKnownFileType = sourcecode.c.h; path = PriceView.h; sourceTree = "<group>"; };
		C35BCC8B1BFD6ABF005561AF /* PriceView.m */ = {isa = PBXFileReference; fileEncoding = 4; lastKnownFileType = sourcecode.c.objc; path = PriceView.m; sourceTree = "<group>"; };
		C35BCC8C1BFD6ABF005561AF /* TimeView.h */ = {isa = PBXFileReference; fileEncoding = 4; lastKnownFileType = sourcecode.c.h; path = TimeView.h; sourceTree = "<group>"; };
		C35BCC8D1BFD6ABF005561AF /* TimeView.m */ = {isa = PBXFileReference; fileEncoding = 4; lastKnownFileType = sourcecode.c.objc; path = TimeView.m; sourceTree = "<group>"; };
		C35BCC961BFD6BF2005561AF /* WRTipViewController.h */ = {isa = PBXFileReference; fileEncoding = 4; lastKnownFileType = sourcecode.c.h; path = WRTipViewController.h; sourceTree = "<group>"; };
		C35BCC971BFD6BF2005561AF /* WRTipViewController.m */ = {isa = PBXFileReference; fileEncoding = 4; lastKnownFileType = sourcecode.c.objc; path = WRTipViewController.m; sourceTree = "<group>"; };
		C35BCC991BFD6D0C005561AF /* WRCommendViewController.h */ = {isa = PBXFileReference; fileEncoding = 4; lastKnownFileType = sourcecode.c.h; path = WRCommendViewController.h; sourceTree = "<group>"; };
		C35BCC9A1BFD6D0C005561AF /* WRCommendViewController.m */ = {isa = PBXFileReference; fileEncoding = 4; lastKnownFileType = sourcecode.c.objc; path = WRCommendViewController.m; sourceTree = "<group>"; };
		C35BCC9D1BFD786C005561AF /* WRSettingViewController.h */ = {isa = PBXFileReference; fileEncoding = 4; lastKnownFileType = sourcecode.c.h; path = WRSettingViewController.h; sourceTree = "<group>"; };
		C35BCC9E1BFD786C005561AF /* WRSettingViewController.m */ = {isa = PBXFileReference; fileEncoding = 4; lastKnownFileType = sourcecode.c.objc; path = WRSettingViewController.m; sourceTree = "<group>"; };
		C35BCCA11BFD7A8A005561AF /* CommendViewController.h */ = {isa = PBXFileReference; fileEncoding = 4; lastKnownFileType = sourcecode.c.h; path = CommendViewController.h; sourceTree = "<group>"; };
		C35BCCA21BFD7A8A005561AF /* CommendViewController.m */ = {isa = PBXFileReference; fileEncoding = 4; lastKnownFileType = sourcecode.c.objc; path = CommendViewController.m; sourceTree = "<group>"; };
		C35BCCA81BFDA7B8005561AF /* TipListModel.h */ = {isa = PBXFileReference; fileEncoding = 4; lastKnownFileType = sourcecode.c.h; path = TipListModel.h; sourceTree = "<group>"; };
		C35BCCA91BFDA7B8005561AF /* TipListModel.m */ = {isa = PBXFileReference; fileEncoding = 4; lastKnownFileType = sourcecode.c.objc; path = TipListModel.m; sourceTree = "<group>"; };
		C35BCCAC1BFDAAB2005561AF /* GoodlistCell.h */ = {isa = PBXFileReference; fileEncoding = 4; lastKnownFileType = sourcecode.c.h; path = GoodlistCell.h; sourceTree = "<group>"; };
		C35BCCAD1BFDAAB2005561AF /* GoodlistCell.m */ = {isa = PBXFileReference; fileEncoding = 4; lastKnownFileType = sourcecode.c.objc; path = GoodlistCell.m; sourceTree = "<group>"; };
		C35BCCB71BFDB5DA005561AF /* WRGoodListViewController.h */ = {isa = PBXFileReference; fileEncoding = 4; lastKnownFileType = sourcecode.c.h; path = WRGoodListViewController.h; sourceTree = "<group>"; };
		C35BCCB81BFDB5DA005561AF /* WRGoodListViewController.m */ = {isa = PBXFileReference; fileEncoding = 4; lastKnownFileType = sourcecode.c.objc; path = WRGoodListViewController.m; sourceTree = "<group>"; };
		C35BCCBE1BFDBC63005561AF /* SharePicNetManager.h */ = {isa = PBXFileReference; fileEncoding = 4; lastKnownFileType = sourcecode.c.h; path = SharePicNetManager.h; sourceTree = "<group>"; };
		C35BCCBF1BFDBC63005561AF /* SharePicNetManager.m */ = {isa = PBXFileReference; fileEncoding = 4; lastKnownFileType = sourcecode.c.objc; path = SharePicNetManager.m; sourceTree = "<group>"; };
		C35BCCC21BFDC360005561AF /* TipViewModel.h */ = {isa = PBXFileReference; fileEncoding = 4; lastKnownFileType = sourcecode.c.h; path = TipViewModel.h; sourceTree = "<group>"; };
		C35BCCC31BFDC360005561AF /* TipViewModel.m */ = {isa = PBXFileReference; fileEncoding = 4; lastKnownFileType = sourcecode.c.objc; path = TipViewModel.m; sourceTree = "<group>"; };
		C35BCCC61BFDF142005561AF /* TipCell.h */ = {isa = PBXFileReference; fileEncoding = 4; lastKnownFileType = sourcecode.c.h; path = TipCell.h; sourceTree = "<group>"; };
		C35BCCC71BFDF142005561AF /* TipCell.m */ = {isa = PBXFileReference; fileEncoding = 4; lastKnownFileType = sourcecode.c.objc; path = TipCell.m; sourceTree = "<group>"; };
		C35BCCC91BFDF54D005561AF /* ShowPicCell.h */ = {isa = PBXFileReference; fileEncoding = 4; lastKnownFileType = sourcecode.c.h; path = ShowPicCell.h; sourceTree = "<group>"; };
		C35BCCCA1BFDF54D005561AF /* ShowPicCell.m */ = {isa = PBXFileReference; fileEncoding = 4; lastKnownFileType = sourcecode.c.objc; path = ShowPicCell.m; sourceTree = "<group>"; };
		C35BCCCC1BFDF5F0005561AF /* ShareLableView.h */ = {isa = PBXFileReference; fileEncoding = 4; lastKnownFileType = sourcecode.c.h; path = ShareLableView.h; sourceTree = "<group>"; };
		C35BCCCD1BFDF5F0005561AF /* ShareLableView.m */ = {isa = PBXFileReference; fileEncoding = 4; lastKnownFileType = sourcecode.c.objc; path = ShareLableView.m; sourceTree = "<group>"; };
		C35BCCCF1BFDFF21005561AF /* TipViewController.h */ = {isa = PBXFileReference; fileEncoding = 4; lastKnownFileType = sourcecode.c.h; path = TipViewController.h; sourceTree = "<group>"; };
		C35BCCD01BFDFF21005561AF /* TipViewController.m */ = {isa = PBXFileReference; fileEncoding = 4; lastKnownFileType = sourcecode.c.objc; path = TipViewController.m; sourceTree = "<group>"; };
		C35C84921BF08602005ED3B9 /* AppDelegate.h */ = {isa = PBXFileReference; fileEncoding = 4; lastKnownFileType = sourcecode.c.h; path = AppDelegate.h; sourceTree = "<group>"; };
		C35C84931BF08602005ED3B9 /* AppDelegate.m */ = {isa = PBXFileReference; fileEncoding = 4; lastKnownFileType = sourcecode.c.objc; path = AppDelegate.m; sourceTree = "<group>"; };
		C35C84971BF08637005ED3B9 /* AppDelegate+Category.h */ = {isa = PBXFileReference; fileEncoding = 4; lastKnownFileType = sourcecode.c.h; path = "AppDelegate+Category.h"; sourceTree = "<group>"; };
		C35C84981BF08637005ED3B9 /* AppDelegate+Category.m */ = {isa = PBXFileReference; fileEncoding = 4; lastKnownFileType = sourcecode.c.objc; path = "AppDelegate+Category.m"; sourceTree = "<group>"; };
		C35C84A01BF0B11C005ED3B9 /* BaseModel.h */ = {isa = PBXFileReference; fileEncoding = 4; lastKnownFileType = sourcecode.c.h; path = BaseModel.h; sourceTree = "<group>"; };
		C35C84A11BF0B11C005ED3B9 /* BaseModel.m */ = {isa = PBXFileReference; fileEncoding = 4; lastKnownFileType = sourcecode.c.objc; path = BaseModel.m; sourceTree = "<group>"; };
		C35C84A71BF0B6D4005ED3B9 /* PrefixHeader.pch */ = {isa = PBXFileReference; lastKnownFileType = sourcecode.c.h; path = PrefixHeader.pch; sourceTree = "<group>"; };
		C35C84A91BF0B807005ED3B9 /* Constants.h */ = {isa = PBXFileReference; lastKnownFileType = sourcecode.c.h; path = Constants.h; sourceTree = "<group>"; };
		C376DDB91BF1C46E0027610D /* WRLeftViewController.h */ = {isa = PBXFileReference; fileEncoding = 4; lastKnownFileType = sourcecode.c.h; path = WRLeftViewController.h; sourceTree = "<group>"; };
		C376DDBA1BF1C46E0027610D /* WRLeftViewController.m */ = {isa = PBXFileReference; fileEncoding = 4; lastKnownFileType = sourcecode.c.objc; path = WRLeftViewController.m; sourceTree = "<group>"; };
		C376DDBD1BF1C9D80027610D /* WRNaviTool.h */ = {isa = PBXFileReference; fileEncoding = 4; lastKnownFileType = sourcecode.c.h; path = WRNaviTool.h; sourceTree = "<group>"; };
		C376DDBE1BF1C9D80027610D /* WRNaviTool.m */ = {isa = PBXFileReference; fileEncoding = 4; lastKnownFileType = sourcecode.c.objc; path = WRNaviTool.m; sourceTree = "<group>"; };
		C376DDC31BF20A990027610D /* WRTool.h */ = {isa = PBXFileReference; fileEncoding = 4; lastKnownFileType = sourcecode.c.h; path = WRTool.h; sourceTree = "<group>"; };
		C376DDC41BF20A990027610D /* WRTool.m */ = {isa = PBXFileReference; fileEncoding = 4; lastKnownFileType = sourcecode.c.objc; path = WRTool.m; sourceTree = "<group>"; };
		C37D1D7C1BFEC1EC00A16E1A /* TipDetailModel.h */ = {isa = PBXFileReference; fileEncoding = 4; lastKnownFileType = sourcecode.c.h; path = TipDetailModel.h; sourceTree = "<group>"; };
		C37D1D7D1BFEC1EC00A16E1A /* TipDetailModel.m */ = {isa = PBXFileReference; fileEncoding = 4; lastKnownFileType = sourcecode.c.objc; path = TipDetailModel.m; sourceTree = "<group>"; };
		C37D1D7F1BFEF7CF00A16E1A /* NSObject+Common.h */ = {isa = PBXFileReference; fileEncoding = 4; lastKnownFileType = sourcecode.c.h; path = "NSObject+Common.h"; sourceTree = "<group>"; };
		C37D1D801BFEF7CF00A16E1A /* NSObject+Common.m */ = {isa = PBXFileReference; fileEncoding = 4; lastKnownFileType = sourcecode.c.objc; path = "NSObject+Common.m"; sourceTree = "<group>"; };
		C37D1D821BFEFCC300A16E1A /* TipDetailView.h */ = {isa = PBXFileReference; fileEncoding = 4; lastKnownFileType = sourcecode.c.h; path = TipDetailView.h; sourceTree = "<group>"; };
		C37D1D831BFEFCC300A16E1A /* TipDetailView.m */ = {isa = PBXFileReference; fileEncoding = 4; lastKnownFileType = sourcecode.c.objc; path = TipDetailView.m; sourceTree = "<group>"; };
		C37D1D851BFEFF6000A16E1A /* CommentTableView.h */ = {isa = PBXFileReference; fileEncoding = 4; lastKnownFileType = sourcecode.c.h; path = CommentTableView.h; sourceTree = "<group>"; };
		C37D1D861BFEFF6000A16E1A /* CommentTableView.m */ = {isa = PBXFileReference; fileEncoding = 4; lastKnownFileType = sourcecode.c.objc; path = CommentTableView.m; sourceTree = "<group>"; };
		C37D1D881BFF0B1C00A16E1A /* WRHeadView.h */ = {isa = PBXFileReference; fileEncoding = 4; lastKnownFileType = sourcecode.c.h; path = WRHeadView.h; sourceTree = "<group>"; };
		C37D1D891BFF0B1C00A16E1A /* WRHeadView.m */ = {isa = PBXFileReference; fileEncoding = 4; lastKnownFileType = sourcecode.c.objc; path = WRHeadView.m; sourceTree = "<group>"; };
		C37D1D8B1BFF444A00A16E1A /* WRBuyButton.h */ = {isa = PBXFileReference; fileEncoding = 4; lastKnownFileType = sourcecode.c.h; path = WRBuyButton.h; sourceTree = "<group>"; };
		C37D1D8C1BFF444A00A16E1A /* WRBuyButton.m */ = {isa = PBXFileReference; fileEncoding = 4; lastKnownFileType = sourcecode.c.objc; path = WRBuyButton.m; sourceTree = "<group>"; };
		C37D1D8E1BFF4D5800A16E1A /* WRNavigationController.h */ = {isa = PBXFileReference; fileEncoding = 4; lastKnownFileType = sourcecode.c.h; path = WRNavigationController.h; sourceTree = "<group>"; };
		C37D1D8F1BFF4D5800A16E1A /* WRNavigationController.m */ = {isa = PBXFileReference; fileEncoding = 4; lastKnownFileType = sourcecode.c.objc; path = WRNavigationController.m; sourceTree = "<group>"; };
		C37D1D911BFF50F300A16E1A /* UIBarButtonItem+item.h */ = {isa = PBXFileReference; fileEncoding = 4; lastKnownFileType = sourcecode.c.h; path = "UIBarButtonItem+item.h"; sourceTree = "<group>"; };
		C37D1D921BFF50F300A16E1A /* UIBarButtonItem+item.m */ = {isa = PBXFileReference; fileEncoding = 4; lastKnownFileType = sourcecode.c.objc; path = "UIBarButtonItem+item.m"; sourceTree = "<group>"; };
		C3ADED101BF7085F006E00BB /* SearchResultModel.h */ = {isa = PBXFileReference; fileEncoding = 4; lastKnownFileType = sourcecode.c.h; path = SearchResultModel.h; sourceTree = "<group>"; };
		C3ADED111BF7085F006E00BB /* SearchResultModel.m */ = {isa = PBXFileReference; fileEncoding = 4; lastKnownFileType = sourcecode.c.objc; path = SearchResultModel.m; sourceTree = "<group>"; };
		C3ADED131BF70AEC006E00BB /* SearchResultCell.h */ = {isa = PBXFileReference; fileEncoding = 4; lastKnownFileType = sourcecode.c.h; path = SearchResultCell.h; sourceTree = "<group>"; };
		C3ADED141BF70AEC006E00BB /* SearchResultCell.m */ = {isa = PBXFileReference; fileEncoding = 4; lastKnownFileType = sourcecode.c.objc; path = SearchResultCell.m; sourceTree = "<group>"; };
		C3ADED161BF7112D006E00BB /* SearchResultViewModel.h */ = {isa = PBXFileReference; fileEncoding = 4; lastKnownFileType = sourcecode.c.h; path = SearchResultViewModel.h; sourceTree = "<group>"; };
		C3ADED171BF7112D006E00BB /* SearchResultViewModel.m */ = {isa = PBXFileReference; fileEncoding = 4; lastKnownFileType = sourcecode.c.objc; path = SearchResultViewModel.m; sourceTree = "<group>"; };
		C3ADED191BF713DD006E00BB /* WRSearchResultViewController.h */ = {isa = PBXFileReference; fileEncoding = 4; lastKnownFileType = sourcecode.c.h; path = WRSearchResultViewController.h; sourceTree = "<group>"; };
		C3ADED1A1BF713DD006E00BB /* WRSearchResultViewController.m */ = {isa = PBXFileReference; fileEncoding = 4; lastKnownFileType = sourcecode.c.objc; path = WRSearchResultViewController.m; sourceTree = "<group>"; };
		C3B3FC3C1BF2DB7400879635 /* NSString+WREncode.h */ = {isa = PBXFileReference; fileEncoding = 4; lastKnownFileType = sourcecode.c.h; path = "NSString+WREncode.h"; sourceTree = "<group>"; };
		C3B3FC3D1BF2DB7400879635 /* NSString+WREncode.m */ = {isa = PBXFileReference; fileEncoding = 4; lastKnownFileType = sourcecode.c.objc; path = "NSString+WREncode.m"; sourceTree = "<group>"; };
		C3B3FC511BF31E9900879635 /* NSString+Extension.h */ = {isa = PBXFileReference; fileEncoding = 4; lastKnownFileType = sourcecode.c.h; path = "NSString+Extension.h"; sourceTree = "<group>"; };
		C3B3FC521BF31E9900879635 /* NSString+Extension.m */ = {isa = PBXFileReference; fileEncoding = 4; lastKnownFileType = sourcecode.c.objc; path = "NSString+Extension.m"; sourceTree = "<group>"; };
		C3B3FC571BF3647D00879635 /* UIView+Extension.h */ = {isa = PBXFileReference; fileEncoding = 4; lastKnownFileType = sourcecode.c.h; path = "UIView+Extension.h"; sourceTree = "<group>"; };
		C3B3FC581BF3647D00879635 /* UIView+Extension.m */ = {isa = PBXFileReference; fileEncoding = 4; lastKnownFileType = sourcecode.c.objc; path = "UIView+Extension.m"; sourceTree = "<group>"; };
		C3B91A5E1BF9B30A006C3056 /* SearchDetailModel.h */ = {isa = PBXFileReference; fileEncoding = 4; lastKnownFileType = sourcecode.c.h; path = SearchDetailModel.h; sourceTree = "<group>"; };
		C3B91A5F1BF9B30A006C3056 /* SearchDetailModel.m */ = {isa = PBXFileReference; fileEncoding = 4; lastKnownFileType = sourcecode.c.objc; path = SearchDetailModel.m; sourceTree = "<group>"; };
		C3B91AF01BF9F100006C3056 /* WRShopPriceViewController.h */ = {isa = PBXFileReference; fileEncoding = 4; lastKnownFileType = sourcecode.c.h; path = WRShopPriceViewController.h; sourceTree = "<group>"; };
		C3B91AF11BF9F100006C3056 /* WRShopPriceViewController.m */ = {isa = PBXFileReference; fileEncoding = 4; lastKnownFileType = sourcecode.c.objc; path = WRShopPriceViewController.m; sourceTree = "<group>"; };
		C3CCB57F1BF4354B005A0660 /* NSDate+Extension.h */ = {isa = PBXFileReference; fileEncoding = 4; lastKnownFileType = sourcecode.c.h; path = "NSDate+Extension.h"; sourceTree = "<group>"; };
		C3CCB5801BF4354B005A0660 /* NSDate+Extension.m */ = {isa = PBXFileReference; fileEncoding = 4; lastKnownFileType = sourcecode.c.objc; path = "NSDate+Extension.m"; sourceTree = "<group>"; };
		C3E4D3D51C01591700A38DFB /* WRLoginViewController.h */ = {isa = PBXFileReference; fileEncoding = 4; lastKnownFileType = sourcecode.c.h; path = WRLoginViewController.h; sourceTree = "<group>"; };
		C3E4D3D61C01591700A38DFB /* WRLoginViewController.m */ = {isa = PBXFileReference; fileEncoding = 4; lastKnownFileType = sourcecode.c.objc; path = WRLoginViewController.m; sourceTree = "<group>"; };
		C3E4D3D91C01646D00A38DFB /* WRBmobTool.h */ = {isa = PBXFileReference; fileEncoding = 4; lastKnownFileType = sourcecode.c.h; path = WRBmobTool.h; sourceTree = "<group>"; };
		C3E4D3DA1C01646D00A38DFB /* WRBmobTool.m */ = {isa = PBXFileReference; fileEncoding = 4; lastKnownFileType = sourcecode.c.objc; path = WRBmobTool.m; sourceTree = "<group>"; };
		C3E4D3DC1C01665F00A38DFB /* ProfileRegistView.h */ = {isa = PBXFileReference; fileEncoding = 4; lastKnownFileType = sourcecode.c.h; path = ProfileRegistView.h; sourceTree = "<group>"; };
		C3E4D3DD1C01665F00A38DFB /* ProfileRegistView.m */ = {isa = PBXFileReference; fileEncoding = 4; lastKnownFileType = sourcecode.c.objc; path = ProfileRegistView.m; sourceTree = "<group>"; };
		C3E4D3DF1C01681C00A38DFB /* WRRegisViewController.h */ = {isa = PBXFileReference; fileEncoding = 4; lastKnownFileType = sourcecode.c.h; path = WRRegisViewController.h; sourceTree = "<group>"; };
		C3E4D3E01C01681C00A38DFB /* WRRegisViewController.m */ = {isa = PBXFileReference; fileEncoding = 4; lastKnownFileType = sourcecode.c.objc; path = WRRegisViewController.m; sourceTree = "<group>"; };
		C3E4D3E21C01A23B00A38DFB /* ProfileSettingView.h */ = {isa = PBXFileReference; fileEncoding = 4; lastKnownFileType = sourcecode.c.h; path = ProfileSettingView.h; sourceTree = "<group>"; };
		C3E4D3E31C01A23B00A38DFB /* ProfileSettingView.m */ = {isa = PBXFileReference; fileEncoding = 4; lastKnownFileType = sourcecode.c.objc; path = ProfileSettingView.m; sourceTree = "<group>"; };
		C3E4D3EA1C01BD4800A38DFB /* WRAccount.h */ = {isa = PBXFileReference; fileEncoding = 4; lastKnownFileType = sourcecode.c.h; path = WRAccount.h; sourceTree = "<group>"; };
		C3E4D3EB1C01BD4800A38DFB /* WRAccount.m */ = {isa = PBXFileReference; fileEncoding = 4; lastKnownFileType = sourcecode.c.objc; path = WRAccount.m; sourceTree = "<group>"; };
		C3E4D3ED1C01BD5800A38DFB /* WRAccountTool.h */ = {isa = PBXFileReference; fileEncoding = 4; lastKnownFileType = sourcecode.c.h; path = WRAccountTool.h; sourceTree = "<group>"; };
		C3E4D3EE1C01BD5800A38DFB /* WRAccountTool.m */ = {isa = PBXFileReference; fileEncoding = 4; lastKnownFileType = sourcecode.c.objc; path = WRAccountTool.m; sourceTree = "<group>"; };
		C3E4D3F11C01BE8900A38DFB /* WRQAuthViewController.h */ = {isa = PBXFileReference; fileEncoding = 4; lastKnownFileType = sourcecode.c.h; path = WRQAuthViewController.h; sourceTree = "<group>"; };
		C3E4D3F21C01BE8900A38DFB /* WRQAuthViewController.m */ = {isa = PBXFileReference; fileEncoding = 4; lastKnownFileType = sourcecode.c.objc; path = WRQAuthViewController.m; sourceTree = "<group>"; };
		C3EEAE181BFAD9DB004EBD7D /* ShopPriceHeaderView.h */ = {isa = PBXFileReference; fileEncoding = 4; lastKnownFileType = sourcecode.c.h; path = ShopPriceHeaderView.h; sourceTree = "<group>"; };
		C3EEAE191BFAD9DB004EBD7D /* ShopPriceHeaderView.m */ = {isa = PBXFileReference; fileEncoding = 4; lastKnownFileType = sourcecode.c.objc; path = ShopPriceHeaderView.m; sourceTree = "<group>"; };
		C3EEAE1B1BFADAE2004EBD7D /* ShopPriceListView.h */ = {isa = PBXFileReference; fileEncoding = 4; lastKnownFileType = sourcecode.c.h; path = ShopPriceListView.h; sourceTree = "<group>"; };
		C3EEAE1C1BFADAE2004EBD7D /* ShopPriceListView.m */ = {isa = PBXFileReference; fileEncoding = 4; lastKnownFileType = sourcecode.c.objc; path = ShopPriceListView.m; sourceTree = "<group>"; };
		C3EEB4F11BFB4AFB004EBD7D /* WRToolBar.h */ = {isa = PBXFileReference; fileEncoding = 4; lastKnownFileType = sourcecode.c.h; path = WRToolBar.h; sourceTree = "<group>"; };
		C3EEB4F21BFB4AFB004EBD7D /* WRToolBar.m */ = {isa = PBXFileReference; fileEncoding = 4; lastKnownFileType = sourcecode.c.objc; path = WRToolBar.m; sourceTree = "<group>"; };
		C3EEB4F41BFB4DE0004EBD7D /* WRCompareView.h */ = {isa = PBXFileReference; fileEncoding = 4; lastKnownFileType = sourcecode.c.h; path = WRCompareView.h; sourceTree = "<group>"; };
		C3EEB4F51BFB4DE0004EBD7D /* WRCompareView.m */ = {isa = PBXFileReference; fileEncoding = 4; lastKnownFileType = sourcecode.c.objc; path = WRCompareView.m; sourceTree = "<group>"; };
		C3EEB4F71BFB5EE7004EBD7D /* WRCover.h */ = {isa = PBXFileReference; fileEncoding = 4; lastKnownFileType = sourcecode.c.h; path = WRCover.h; sourceTree = "<group>"; };
		C3EEB4F81BFB5EE7004EBD7D /* WRCover.m */ = {isa = PBXFileReference; fileEncoding = 4; lastKnownFileType = sourcecode.c.objc; path = WRCover.m; sourceTree = "<group>"; };
		C3F4595E1BF5BB160044850E /* WRTitleBarButton.h */ = {isa = PBXFileReference; fileEncoding = 4; lastKnownFileType = sourcecode.c.h; path = WRTitleBarButton.h; sourceTree = "<group>"; };
		C3F4595F1BF5BB160044850E /* WRTitleBarButton.m */ = {isa = PBXFileReference; fileEncoding = 4; lastKnownFileType = sourcecode.c.objc; path = WRTitleBarButton.m; sourceTree = "<group>"; };
		C3F459651BF5BFA70044850E /* WRSearchBar.h */ = {isa = PBXFileReference; fileEncoding = 4; lastKnownFileType = sourcecode.c.h; path = WRSearchBar.h; sourceTree = "<group>"; };
		C3F459661BF5BFA70044850E /* WRSearchBar.m */ = {isa = PBXFileReference; fileEncoding = 4; lastKnownFileType = sourcecode.c.objc; path = WRSearchBar.m; sourceTree = "<group>"; };
		C3F459681BF5C0880044850E /* UIImage+Extension.h */ = {isa = PBXFileReference; fileEncoding = 4; lastKnownFileType = sourcecode.c.h; path = "UIImage+Extension.h"; sourceTree = "<group>"; };
		C3F459691BF5C0880044850E /* UIImage+Extension.m */ = {isa = PBXFileReference; fileEncoding = 4; lastKnownFileType = sourcecode.c.objc; path = "UIImage+Extension.m"; sourceTree = "<group>"; };
		C3F4596C1BF5C9A20044850E /* ShopModel.h */ = {isa = PBXFileReference; fileEncoding = 4; lastKnownFileType = sourcecode.c.h; path = ShopModel.h; sourceTree = "<group>"; };
		C3F4596D1BF5C9A20044850E /* ShopModel.m */ = {isa = PBXFileReference; fileEncoding = 4; lastKnownFileType = sourcecode.c.objc; path = ShopModel.m; sourceTree = "<group>"; };
		C3F459701BF5CA280044850E /* SearchNetManager.h */ = {isa = PBXFileReference; fileEncoding = 4; lastKnownFileType = sourcecode.c.h; path = SearchNetManager.h; sourceTree = "<group>"; };
		C3F459711BF5CA280044850E /* SearchNetManager.m */ = {isa = PBXFileReference; fileEncoding = 4; lastKnownFileType = sourcecode.c.objc; path = SearchNetManager.m; sourceTree = "<group>"; };
		C3F459741BF5CB0E0044850E /* SearchViewModel.h */ = {isa = PBXFileReference; fileEncoding = 4; lastKnownFileType = sourcecode.c.h; path = SearchViewModel.h; sourceTree = "<group>"; };
		C3F459751BF5CB0E0044850E /* SearchViewModel.m */ = {isa = PBXFileReference; fileEncoding = 4; lastKnownFileType = sourcecode.c.objc; path = SearchViewModel.m; sourceTree = "<group>"; };
		C3F459771BF5CB400044850E /* ShopViewModel.h */ = {isa = PBXFileReference; fileEncoding = 4; lastKnownFileType = sourcecode.c.h; path = ShopViewModel.h; sourceTree = "<group>"; };
		C3F459781BF5CB400044850E /* ShopViewModel.m */ = {isa = PBXFileReference; fileEncoding = 4; lastKnownFileType = sourcecode.c.objc; path = ShopViewModel.m; sourceTree = "<group>"; };
		C3F4597A1BF5D7140044850E /* WRShopListView.h */ = {isa = PBXFileReference; fileEncoding = 4; lastKnownFileType = sourcecode.c.h; path = WRShopListView.h; sourceTree = "<group>"; };
		C3F4597B1BF5D7140044850E /* WRShopListView.m */ = {isa = PBXFileReference; fileEncoding = 4; lastKnownFileType = sourcecode.c.objc; path = WRShopListView.m; sourceTree = "<group>"; };
		C3F4597E1BF5F68D0044850E /* WRShopViewController.h */ = {isa = PBXFileReference; fileEncoding = 4; lastKnownFileType = sourcecode.c.h; path = WRShopViewController.h; sourceTree = "<group>"; };
		C3F4597F1BF5F68D0044850E /* WRShopViewController.m */ = {isa = PBXFileReference; fileEncoding = 4; lastKnownFileType = sourcecode.c.objc; path = WRShopViewController.m; sourceTree = "<group>"; };
		C3F459811BF5FB100044850E /* WRSearchViewController.h */ = {isa = PBXFileReference; fileEncoding = 4; lastKnownFileType = sourcecode.c.h; path = WRSearchViewController.h; sourceTree = "<group>"; };
		C3F459821BF5FB100044850E /* WRSearchViewController.m */ = {isa = PBXFileReference; fileEncoding = 4; lastKnownFileType = sourcecode.c.objc; path = WRSearchViewController.m; sourceTree = "<group>"; };
		C3F459841BF6050E0044850E /* SearchModel.h */ = {isa = PBXFileReference; fileEncoding = 4; lastKnownFileType = sourcecode.c.h; path = SearchModel.h; sourceTree = "<group>"; };
		C3F459851BF6050E0044850E /* SearchModel.m */ = {isa = PBXFileReference; fileEncoding = 4; lastKnownFileType = sourcecode.c.objc; path = SearchModel.m; sourceTree = "<group>"; };
		C3F788811BF03DD800B48C4D /* 比价.app */ = {isa = PBXFileReference; explicitFileType = wrapper.application; includeInIndex = 0; path = "比价.app"; sourceTree = BUILT_PRODUCTS_DIR; };
		C3F788851BF03DD800B48C4D /* main.m */ = {isa = PBXFileReference; lastKnownFileType = sourcecode.c.objc; path = main.m; sourceTree = "<group>"; };
		C3F788901BF03DD800B48C4D /* Assets.xcassets */ = {isa = PBXFileReference; lastKnownFileType = folder.assetcatalog; path = Assets.xcassets; sourceTree = "<group>"; };
		C3F788951BF03DD800B48C4D /* Info.plist */ = {isa = PBXFileReference; lastKnownFileType = text.plist.xml; path = Info.plist; sourceTree = "<group>"; };
/* End PBXFileReference section */

/* Begin PBXFrameworksBuildPhase section */
		C3F7887E1BF03DD800B48C4D /* Frameworks */ = {
			isa = PBXFrameworksBuildPhase;
			buildActionMask = 2147483647;
			files = (
				FD0E76D6B255495A729E3E81 /* libPods-比价.a in Frameworks */,
			);
			runOnlyForDeploymentPostprocessing = 0;
		};
/* End PBXFrameworksBuildPhase section */

/* Begin PBXGroup section */
		2DAABFE1F4B68950034074A2 /* Pods */ = {
			isa = PBXGroup;
			children = (
				4538C3FDE8CB82AF8BA961F3 /* Pods-比价.debug.xcconfig */,
				3BE050ECCB04D23616F7091A /* Pods-比价.release.xcconfig */,
			);
			name = Pods;
			sourceTree = "<group>";
		};
		C31401191C004AFC0050400C /* Lib */ = {
			isa = PBXGroup;
			children = (
			);
			path = Lib;
			sourceTree = "<group>";
		};
		C314011C1C004E380050400C /* 我的 */ = {
			isa = PBXGroup;
			children = (
				C314011D1C004E660050400C /* ProfileView.h */,
				C314011E1C004E660050400C /* ProfileView.m */,
				C31401281C0053F30050400C /* ProfileHeaderView.h */,
				C31401291C0053F30050400C /* ProfileHeaderView.m */,
				C314012E1C0061540050400C /* ProfileCollectView.h */,
				C3E4D3E21C01A23B00A38DFB /* ProfileSettingView.h */,
				C3E4D3E31C01A23B00A38DFB /* ProfileSettingView.m */,
				C314012F1C0061540050400C /* ProfileCollectView.m */,
				C31401311C00660F0050400C /* ProfileCollectCell.h */,
				C31401321C00660F0050400C /* ProfileCollectCell.m */,
				C314012B1C0057450050400C /* ProfileLoginView.h */,
				C314012C1C0057450050400C /* ProfileLoginView.m */,
				C3E4D3DC1C01665F00A38DFB /* ProfileRegistView.h */,
				C3E4D3DD1C01665F00A38DFB /* ProfileRegistView.m */,
			);
			path = "我的";
			sourceTree = "<group>";
		};
		C31401201C0050B80050400C /* 我的 */ = {
			isa = PBXGroup;
			children = (
				C31401211C0050D40050400C /* ProfileModel.h */,
				C31401221C0050D40050400C /* ProfileModel.m */,
			);
			path = "我的";
			sourceTree = "<group>";
		};
		C31401241C0053A70050400C /* 我的 */ = {
			isa = PBXGroup;
			children = (
				C3E4D3F01C01BE7800A38DFB /* QAuth */,
				C31401251C0053BD0050400C /* WRProfileViewController.h */,
				C31401261C0053BD0050400C /* WRProfileViewController.m */,
				C3E4D3D51C01591700A38DFB /* WRLoginViewController.h */,
				C3E4D3D61C01591700A38DFB /* WRLoginViewController.m */,
				C3E4D3DF1C01681C00A38DFB /* WRRegisViewController.h */,
				C3E4D3E01C01681C00A38DFB /* WRRegisViewController.m */,
			);
			path = "我的";
			sourceTree = "<group>";
		};
		C3282AFB1BF0CCE400331012 /* View */ = {
			isa = PBXGroup;
			children = (
				C314011C1C004E380050400C /* 我的 */,
				C35BCCC51BFDF0EB005561AF /* 贴士 */,
				C35BCC851BFD6ABF005561AF /* 推荐 */,
				C3F459641BF5BE970044850E /* 搜索 */,
				C3F4595D1BF5BAE70044850E /* 首页 */,
			);
			path = View;
			sourceTree = "<group>";
		};
		C3282AFF1BF0D13200331012 /* NetManager */ = {
			isa = PBXGroup;
			children = (
				C35BCCBD1BFDBC3B005561AF /* 贴士 */,
				C35BCC771BFD6A80005561AF /* 推荐 */,
				C3F4596F1BF5CA100044850E /* 搜索 */,
				C3282B001BF0D14D00331012 /* BaseNetManager.h */,
				C3282B011BF0D14D00331012 /* BaseNetManager.m */,
			);
			path = NetManager;
			sourceTree = "<group>";
		};
		C35BCC651BFD6890005561AF /* Main */ = {
			isa = PBXGroup;
			children = (
				C35BCC661BFD68B6005561AF /* WRTabBarController.h */,
				C35BCC671BFD68B6005561AF /* WRTabBarController.m */,
				C37D1D8E1BFF4D5800A16E1A /* WRNavigationController.h */,
				C37D1D8F1BFF4D5800A16E1A /* WRNavigationController.m */,
			);
			path = Main;
			sourceTree = "<group>";
		};
		C35BCC691BFD6A31005561AF /* 推荐 */ = {
			isa = PBXGroup;
			children = (
				C35BCC991BFD6D0C005561AF /* WRCommendViewController.h */,
				C35BCC9A1BFD6D0C005561AF /* WRCommendViewController.m */,
				C35BCC6A1BFD6A31005561AF /* DealsDetailViewController.h */,
				C35BCC6B1BFD6A31005561AF /* DealsDetailViewController.m */,
				C35BCCB31BFDB5BA005561AF /* 图show */,
				C35BCCA11BFD7A8A005561AF /* CommendViewController.h */,
				C35BCCA21BFD7A8A005561AF /* CommendViewController.m */,
			);
			path = "推荐";
			sourceTree = "<group>";
		};
		C35BCC701BFD6A5C005561AF /* 推荐 */ = {
			isa = PBXGroup;
			children = (
				C35BCC731BFD6A5C005561AF /* DealsViewModel.h */,
				C35BCC741BFD6A5C005561AF /* DealsViewModel.m */,
				C35BCC711BFD6A5C005561AF /* DealsDetailViewModel.h */,
				C35BCC721BFD6A5C005561AF /* DealsDetailViewModel.m */,
			);
			path = "推荐";
			sourceTree = "<group>";
		};
		C35BCC771BFD6A80005561AF /* 推荐 */ = {
			isa = PBXGroup;
			children = (
				C35BCC781BFD6A80005561AF /* DealsNetManager.h */,
				C35BCC791BFD6A80005561AF /* DealsNetManager.m */,
			);
			path = "推荐";
			sourceTree = "<group>";
		};
		C35BCC7B1BFD6A9C005561AF /* 推荐 */ = {
			isa = PBXGroup;
			children = (
				C35BCC7C1BFD6A9C005561AF /* DealsDetailModel.h */,
				C35BCC7D1BFD6A9C005561AF /* DealsDetailModel.m */,
				C35BCC7E1BFD6A9C005561AF /* DealsModel.h */,
				C35BCC7F1BFD6A9C005561AF /* DealsModel.m */,
				C35BCC801BFD6A9C005561AF /* DealsPriceInfoModel.h */,
				C35BCC811BFD6A9C005561AF /* DealsPriceInfoModel.m */,
			);
			path = "推荐";
			sourceTree = "<group>";
		};
		C35BCC851BFD6ABF005561AF /* 推荐 */ = {
			isa = PBXGroup;
			children = (
				C35BCC861BFD6ABF005561AF /* DealsCell.h */,
				C35BCC871BFD6ABF005561AF /* DealsCell.m */,
				C35BCC881BFD6ABF005561AF /* DealsDetailView.h */,
				C35BCC891BFD6ABF005561AF /* DealsDetailView.m */,
				C37D1D851BFEFF6000A16E1A /* CommentTableView.h */,
				C37D1D861BFEFF6000A16E1A /* CommentTableView.m */,
				C37D1D881BFF0B1C00A16E1A /* WRHeadView.h */,
				C37D1D891BFF0B1C00A16E1A /* WRHeadView.m */,
				C35BCC8A1BFD6ABF005561AF /* PriceView.h */,
				C35BCC8B1BFD6ABF005561AF /* PriceView.m */,
				C35BCC8C1BFD6ABF005561AF /* TimeView.h */,
				C35BCC8D1BFD6ABF005561AF /* TimeView.m */,
				C37D1D8B1BFF444A00A16E1A /* WRBuyButton.h */,
				C37D1D8C1BFF444A00A16E1A /* WRBuyButton.m */,
				C35BCCAB1BFDAA99005561AF /* GoodList */,
			);
			path = "推荐";
			sourceTree = "<group>";
		};
		C35BCC951BFD6BC1005561AF /* 贴士 */ = {
			isa = PBXGroup;
			children = (
				C35BCC961BFD6BF2005561AF /* WRTipViewController.h */,
				C35BCC971BFD6BF2005561AF /* WRTipViewController.m */,
				C31401161C001F880050400C /* WRTipDetailViewController.h */,
				C31401171C001F880050400C /* WRTipDetailViewController.m */,
				C35BCCCF1BFDFF21005561AF /* TipViewController.h */,
				C35BCCD01BFDFF21005561AF /* TipViewController.m */,
			);
			path = "贴士";
			sourceTree = "<group>";
		};
		C35BCC9C1BFD785B005561AF /* 设置 */ = {
			isa = PBXGroup;
			children = (
				C35BCC9D1BFD786C005561AF /* WRSettingViewController.h */,
				C35BCC9E1BFD786C005561AF /* WRSettingViewController.m */,
			);
			path = "设置";
			sourceTree = "<group>";
		};
		C35BCCA71BFDA794005561AF /* 贴士 */ = {
			isa = PBXGroup;
			children = (
				C35BCCA81BFDA7B8005561AF /* TipListModel.h */,
				C35BCCA91BFDA7B8005561AF /* TipListModel.m */,
				C37D1D7C1BFEC1EC00A16E1A /* TipDetailModel.h */,
				C37D1D7D1BFEC1EC00A16E1A /* TipDetailModel.m */,
			);
			path = "贴士";
			sourceTree = "<group>";
		};
		C35BCCAB1BFDAA99005561AF /* GoodList */ = {
			isa = PBXGroup;
			children = (
				C35BCCAC1BFDAAB2005561AF /* GoodlistCell.h */,
				C35BCCAD1BFDAAB2005561AF /* GoodlistCell.m */,
			);
			path = GoodList;
			sourceTree = "<group>";
		};
		C35BCCB31BFDB5BA005561AF /* 图show */ = {
			isa = PBXGroup;
			children = (
				C35BCCB71BFDB5DA005561AF /* WRGoodListViewController.h */,
				C35BCCB81BFDB5DA005561AF /* WRGoodListViewController.m */,
			);
			path = "图show";
			sourceTree = "<group>";
		};
		C35BCCBD1BFDBC3B005561AF /* 贴士 */ = {
			isa = PBXGroup;
			children = (
				C35BCCBE1BFDBC63005561AF /* SharePicNetManager.h */,
				C35BCCBF1BFDBC63005561AF /* SharePicNetManager.m */,
			);
			path = "贴士";
			sourceTree = "<group>";
		};
		C35BCCC11BFDC33A005561AF /* 贴士 */ = {
			isa = PBXGroup;
			children = (
				C35BCCC21BFDC360005561AF /* TipViewModel.h */,
				C35BCCC31BFDC360005561AF /* TipViewModel.m */,
			);
			path = "贴士";
			sourceTree = "<group>";
		};
		C35BCCC51BFDF0EB005561AF /* 贴士 */ = {
			isa = PBXGroup;
			children = (
				C35BCCC61BFDF142005561AF /* TipCell.h */,
				C35BCCC71BFDF142005561AF /* TipCell.m */,
				C37D1D821BFEFCC300A16E1A /* TipDetailView.h */,
				C37D1D831BFEFCC300A16E1A /* TipDetailView.m */,
				C35BCCC91BFDF54D005561AF /* ShowPicCell.h */,
				C35BCCCA1BFDF54D005561AF /* ShowPicCell.m */,
				C35BCCCC1BFDF5F0005561AF /* ShareLableView.h */,
				C35BCCCD1BFDF5F0005561AF /* ShareLableView.m */,
			);
			path = "贴士";
			sourceTree = "<group>";
		};
		C35C848E1BF08602005ED3B9 /* Controller */ = {
			isa = PBXGroup;
			children = (
				C31401241C0053A70050400C /* 我的 */,
				C35BCC691BFD6A31005561AF /* 推荐 */,
				C35BCC951BFD6BC1005561AF /* 贴士 */,
				C3F4597D1BF5F67D0044850E /* 搜索 */,
				C35BCC9C1BFD785B005561AF /* 设置 */,
				C35BCC651BFD6890005561AF /* Main */,
				C376DDB91BF1C46E0027610D /* WRLeftViewController.h */,
				C376DDBA1BF1C46E0027610D /* WRLeftViewController.m */,
			);
			path = Controller;
			sourceTree = "<group>";
		};
		C35C848F1BF08602005ED3B9 /* Model */ = {
			isa = PBXGroup;
			children = (
				C31401201C0050B80050400C /* 我的 */,
				C35BCCA71BFDA794005561AF /* 贴士 */,
				C35BCC7B1BFD6A9C005561AF /* 推荐 */,
				C3F4596B1BF5C9560044850E /* 搜索 */,
				C35C84A01BF0B11C005ED3B9 /* BaseModel.h */,
				C35C84A11BF0B11C005ED3B9 /* BaseModel.m */,
			);
			path = Model;
			sourceTree = "<group>";
		};
		C35C84911BF08602005ED3B9 /* Other */ = {
			isa = PBXGroup;
			children = (
				C35C84A71BF0B6D4005ED3B9 /* PrefixHeader.pch */,
				C31401191C004AFC0050400C /* Lib */,
				C35C84941BF08602005ED3B9 /* Catetory */,
				C35C84A61BF0B6B4005ED3B9 /* Define */,
				C35C84921BF08602005ED3B9 /* AppDelegate.h */,
				C35C84931BF08602005ED3B9 /* AppDelegate.m */,
			);
			path = Other;
			sourceTree = "<group>";
		};
		C35C84941BF08602005ED3B9 /* Catetory */ = {
			isa = PBXGroup;
			children = (
				C37D1D911BFF50F300A16E1A /* UIBarButtonItem+item.h */,
				C37D1D921BFF50F300A16E1A /* UIBarButtonItem+item.m */,
				C37D1D7F1BFEF7CF00A16E1A /* NSObject+Common.h */,
				C37D1D801BFEF7CF00A16E1A /* NSObject+Common.m */,
				C35C84971BF08637005ED3B9 /* AppDelegate+Category.h */,
				C35C84981BF08637005ED3B9 /* AppDelegate+Category.m */,
				C3B3FC3C1BF2DB7400879635 /* NSString+WREncode.h */,
				C3B3FC3D1BF2DB7400879635 /* NSString+WREncode.m */,
				C3B3FC511BF31E9900879635 /* NSString+Extension.h */,
				C3B3FC521BF31E9900879635 /* NSString+Extension.m */,
				C3B3FC571BF3647D00879635 /* UIView+Extension.h */,
				C3B3FC581BF3647D00879635 /* UIView+Extension.m */,
				C3CCB57F1BF4354B005A0660 /* NSDate+Extension.h */,
				C3CCB5801BF4354B005A0660 /* NSDate+Extension.m */,
				C3F459681BF5C0880044850E /* UIImage+Extension.h */,
				C3F459691BF5C0880044850E /* UIImage+Extension.m */,
			);
			path = Catetory;
			sourceTree = "<group>";
		};
		C35C84951BF08602005ED3B9 /* ViewModel */ = {
			isa = PBXGroup;
			children = (
				C35BCCC11BFDC33A005561AF /* 贴士 */,
				C35BCC701BFD6A5C005561AF /* 推荐 */,
				C3F459731BF5CAFB0044850E /* 搜索 */,
				C3282B091BF0D41700331012 /* BaseViewModel.h */,
				C3282B0A1BF0D41700331012 /* BaseViewModel.m */,
			);
			path = ViewModel;
			sourceTree = "<group>";
		};
		C35C84A61BF0B6B4005ED3B9 /* Define */ = {
			isa = PBXGroup;
			children = (
				C35C84A91BF0B807005ED3B9 /* Constants.h */,
			);
			path = Define;
			sourceTree = "<group>";
		};
		C35C84A81BF0B7B2005ED3B9 /* Tool */ = {
			isa = PBXGroup;
			children = (
				C3E4D3E51C01BCF800A38DFB /* Account */,
				C3E4D3D81C0163B800A38DFB /* Bmob */,
				C3EEB4ED1BFB4268004EBD7D /* TabBar */,
				C376DDBC1BF1C9BC0027610D /* NavigationBar */,
				C376DDC31BF20A990027610D /* WRTool.h */,
				C376DDC41BF20A990027610D /* WRTool.m */,
			);
			path = Tool;
			sourceTree = "<group>";
		};
		C376DDBC1BF1C9BC0027610D /* NavigationBar */ = {
			isa = PBXGroup;
			children = (
				C376DDBD1BF1C9D80027610D /* WRNaviTool.h */,
				C376DDBE1BF1C9D80027610D /* WRNaviTool.m */,
			);
			path = NavigationBar;
			sourceTree = "<group>";
		};
		C3E4D3D81C0163B800A38DFB /* Bmob */ = {
			isa = PBXGroup;
			children = (
				C3E4D3D91C01646D00A38DFB /* WRBmobTool.h */,
				C3E4D3DA1C01646D00A38DFB /* WRBmobTool.m */,
			);
			path = Bmob;
			sourceTree = "<group>";
		};
		C3E4D3E51C01BCF800A38DFB /* Account */ = {
			isa = PBXGroup;
			children = (
				C3E4D3ED1C01BD5800A38DFB /* WRAccountTool.h */,
				C3E4D3EE1C01BD5800A38DFB /* WRAccountTool.m */,
				C3E4D3E61C01BD2100A38DFB /* Result */,
			);
			path = Account;
			sourceTree = "<group>";
		};
		C3E4D3E61C01BD2100A38DFB /* Result */ = {
			isa = PBXGroup;
			children = (
				C3E4D3EA1C01BD4800A38DFB /* WRAccount.h */,
				C3E4D3EB1C01BD4800A38DFB /* WRAccount.m */,
			);
			path = Result;
			sourceTree = "<group>";
		};
		C3E4D3F01C01BE7800A38DFB /* QAuth */ = {
			isa = PBXGroup;
			children = (
				C3E4D3F11C01BE8900A38DFB /* WRQAuthViewController.h */,
				C3E4D3F21C01BE8900A38DFB /* WRQAuthViewController.m */,
			);
			path = QAuth;
			sourceTree = "<group>";
		};
		C3EEB4ED1BFB4268004EBD7D /* TabBar */ = {
			isa = PBXGroup;
			children = (
			);
			path = TabBar;
			sourceTree = "<group>";
		};
		C3F4595D1BF5BAE70044850E /* 首页 */ = {
			isa = PBXGroup;
			children = (
				C3F4595E1BF5BB160044850E /* WRTitleBarButton.h */,
				C3F4595F1BF5BB160044850E /* WRTitleBarButton.m */,
			);
			path = "首页";
			sourceTree = "<group>";
		};
		C3F459641BF5BE970044850E /* 搜索 */ = {
			isa = PBXGroup;
			children = (
				C3F459651BF5BFA70044850E /* WRSearchBar.h */,
				C3F459661BF5BFA70044850E /* WRSearchBar.m */,
				C3F4597A1BF5D7140044850E /* WRShopListView.h */,
				C3F4597B1BF5D7140044850E /* WRShopListView.m */,
				C3ADED131BF70AEC006E00BB /* SearchResultCell.h */,
				C3ADED141BF70AEC006E00BB /* SearchResultCell.m */,
				C3EEAE1B1BFADAE2004EBD7D /* ShopPriceListView.h */,
				C3EEAE1C1BFADAE2004EBD7D /* ShopPriceListView.m */,
				C3EEAE181BFAD9DB004EBD7D /* ShopPriceHeaderView.h */,
				C3EEAE191BFAD9DB004EBD7D /* ShopPriceHeaderView.m */,
				C3EEB4F11BFB4AFB004EBD7D /* WRToolBar.h */,
				C3EEB4F21BFB4AFB004EBD7D /* WRToolBar.m */,
				C3EEB4F41BFB4DE0004EBD7D /* WRCompareView.h */,
				C3EEB4F51BFB4DE0004EBD7D /* WRCompareView.m */,
				C3EEB4F71BFB5EE7004EBD7D /* WRCover.h */,
				C3EEB4F81BFB5EE7004EBD7D /* WRCover.m */,
			);
			path = "搜索";
			sourceTree = "<group>";
		};
		C3F4596B1BF5C9560044850E /* 搜索 */ = {
			isa = PBXGroup;
			children = (
				C3F4596C1BF5C9A20044850E /* ShopModel.h */,
				C3F4596D1BF5C9A20044850E /* ShopModel.m */,
				C3F459841BF6050E0044850E /* SearchModel.h */,
				C3F459851BF6050E0044850E /* SearchModel.m */,
				C3ADED101BF7085F006E00BB /* SearchResultModel.h */,
				C3ADED111BF7085F006E00BB /* SearchResultModel.m */,
				C3B91A5E1BF9B30A006C3056 /* SearchDetailModel.h */,
				C3B91A5F1BF9B30A006C3056 /* SearchDetailModel.m */,
			);
			path = "搜索";
			sourceTree = "<group>";
		};
		C3F4596F1BF5CA100044850E /* 搜索 */ = {
			isa = PBXGroup;
			children = (
				C3F459701BF5CA280044850E /* SearchNetManager.h */,
				C3F459711BF5CA280044850E /* SearchNetManager.m */,
			);
			path = "搜索";
			sourceTree = "<group>";
		};
		C3F459731BF5CAFB0044850E /* 搜索 */ = {
			isa = PBXGroup;
			children = (
				C3F459741BF5CB0E0044850E /* SearchViewModel.h */,
				C3F459751BF5CB0E0044850E /* SearchViewModel.m */,
				C3F459771BF5CB400044850E /* ShopViewModel.h */,
				C3F459781BF5CB400044850E /* ShopViewModel.m */,
				C3ADED161BF7112D006E00BB /* SearchResultViewModel.h */,
				C3ADED171BF7112D006E00BB /* SearchResultViewModel.m */,
			);
			path = "搜索";
			sourceTree = "<group>";
		};
		C3F4597D1BF5F67D0044850E /* 搜索 */ = {
			isa = PBXGroup;
			children = (
				C3F459811BF5FB100044850E /* WRSearchViewController.h */,
				C3F459821BF5FB100044850E /* WRSearchViewController.m */,
				C3ADED191BF713DD006E00BB /* WRSearchResultViewController.h */,
				C3ADED1A1BF713DD006E00BB /* WRSearchResultViewController.m */,
				C3B91AF01BF9F100006C3056 /* WRShopPriceViewController.h */,
				C3B91AF11BF9F100006C3056 /* WRShopPriceViewController.m */,
				C3F4597E1BF5F68D0044850E /* WRShopViewController.h */,
				C3F4597F1BF5F68D0044850E /* WRShopViewController.m */,
			);
			path = "搜索";
			sourceTree = "<group>";
		};
		C3F788781BF03DD800B48C4D = {
			isa = PBXGroup;
			children = (
				C3F788831BF03DD800B48C4D /* 比价 */,
				C3F788821BF03DD800B48C4D /* Products */,
				2DAABFE1F4B68950034074A2 /* Pods */,
				F19A8DFE4774235BD3301C8A /* Frameworks */,
			);
			sourceTree = "<group>";
		};
		C3F788821BF03DD800B48C4D /* Products */ = {
			isa = PBXGroup;
			children = (
				C3F788811BF03DD800B48C4D /* 比价.app */,
			);
			name = Products;
			sourceTree = "<group>";
		};
		C3F788831BF03DD800B48C4D /* 比价 */ = {
			isa = PBXGroup;
			children = (
				C35C84A81BF0B7B2005ED3B9 /* Tool */,
				C35C848F1BF08602005ED3B9 /* Model */,
				C3282AFF1BF0D13200331012 /* NetManager */,
				C3282AFB1BF0CCE400331012 /* View */,
				C35C848E1BF08602005ED3B9 /* Controller */,
				C35C84951BF08602005ED3B9 /* ViewModel */,
				C35C84911BF08602005ED3B9 /* Other */,
				C3F788841BF03DD800B48C4D /* Supporting Files */,
			);
			path = "比价";
			sourceTree = "<group>";
		};
		C3F788841BF03DD800B48C4D /* Supporting Files */ = {
			isa = PBXGroup;
			children = (
				C3F788901BF03DD800B48C4D /* Assets.xcassets */,
				C3F788851BF03DD800B48C4D /* main.m */,
				C3F788951BF03DD800B48C4D /* Info.plist */,
			);
			name = "Supporting Files";
			sourceTree = "<group>";
		};
		F19A8DFE4774235BD3301C8A /* Frameworks */ = {
			isa = PBXGroup;
			children = (
				50AB0C584EE8147836C219A3 /* libPods-比价.a */,
			);
			name = Frameworks;
			sourceTree = "<group>";
		};
/* End PBXGroup section */

/* Begin PBXNativeTarget section */
		C3F788801BF03DD800B48C4D /* 比价 */ = {
			isa = PBXNativeTarget;
			buildConfigurationList = C3F788981BF03DD800B48C4D /* Build configuration list for PBXNativeTarget "比价" */;
			buildPhases = (
				62126FF28D9DE6315205C9BE /* Check Pods Manifest.lock */,
				C3F7887D1BF03DD800B48C4D /* Sources */,
				C3F7887E1BF03DD800B48C4D /* Frameworks */,
				C3F7887F1BF03DD800B48C4D /* Resources */,
				F7EA5CEEA72A386599A2E8E8 /* Embed Pods Frameworks */,
				42ED225BFA75F07F09D7C28E /* Copy Pods Resources */,
			);
			buildRules = (
			);
			dependencies = (
			);
			name = "比价";
			productName = "比价";
			productReference = C3F788811BF03DD800B48C4D /* 比价.app */;
			productType = "com.apple.product-type.application";
		};
/* End PBXNativeTarget section */

/* Begin PBXProject section */
		C3F788791BF03DD800B48C4D /* Project object */ = {
			isa = PBXProject;
			attributes = {
				CLASSPREFIX = WR;
				LastUpgradeCheck = 0710;
				ORGANIZATIONNAME = "apple-jd28";
				TargetAttributes = {
					C3F788801BF03DD800B48C4D = {
						CreatedOnToolsVersion = 7.1;
						DevelopmentTeam = L9JG6GMVQ4;
					};
				};
			};
			buildConfigurationList = C3F7887C1BF03DD800B48C4D /* Build configuration list for PBXProject "比价" */;
			compatibilityVersion = "Xcode 3.2";
			developmentRegion = English;
			hasScannedForEncodings = 0;
			knownRegions = (
				en,
				Base,
			);
			mainGroup = C3F788781BF03DD800B48C4D;
			productRefGroup = C3F788821BF03DD800B48C4D /* Products */;
			projectDirPath = "";
			projectRoot = "";
			targets = (
				C3F788801BF03DD800B48C4D /* 比价 */,
			);
		};
/* End PBXProject section */

/* Begin PBXResourcesBuildPhase section */
		C3F7887F1BF03DD800B48C4D /* Resources */ = {
			isa = PBXResourcesBuildPhase;
			buildActionMask = 2147483647;
			files = (
				C3F788911BF03DD800B48C4D /* Assets.xcassets in Resources */,
			);
			runOnlyForDeploymentPostprocessing = 0;
		};
/* End PBXResourcesBuildPhase section */

/* Begin PBXShellScriptBuildPhase section */
		42ED225BFA75F07F09D7C28E /* Copy Pods Resources */ = {
			isa = PBXShellScriptBuildPhase;
			buildActionMask = 2147483647;
			files = (
			);
			inputPaths = (
			);
			name = "Copy Pods Resources";
			outputPaths = (
			);
			runOnlyForDeploymentPostprocessing = 0;
			shellPath = /bin/sh;
			shellScript = "\"${SRCROOT}/Pods/Target Support Files/Pods-比价/Pods-比价-resources.sh\"\n";
			showEnvVarsInLog = 0;
		};
		62126FF28D9DE6315205C9BE /* Check Pods Manifest.lock */ = {
			isa = PBXShellScriptBuildPhase;
			buildActionMask = 2147483647;
			files = (
			);
			inputPaths = (
			);
			name = "Check Pods Manifest.lock";
			outputPaths = (
			);
			runOnlyForDeploymentPostprocessing = 0;
			shellPath = /bin/sh;
			shellScript = "diff \"${PODS_ROOT}/../Podfile.lock\" \"${PODS_ROOT}/Manifest.lock\" > /dev/null\nif [[ $? != 0 ]] ; then\n    cat << EOM\nerror: The sandbox is not in sync with the Podfile.lock. Run 'pod install' or update your CocoaPods installation.\nEOM\n    exit 1\nfi\n";
			showEnvVarsInLog = 0;
		};
		F7EA5CEEA72A386599A2E8E8 /* Embed Pods Frameworks */ = {
			isa = PBXShellScriptBuildPhase;
			buildActionMask = 2147483647;
			files = (
			);
			inputPaths = (
			);
			name = "Embed Pods Frameworks";
			outputPaths = (
			);
			runOnlyForDeploymentPostprocessing = 0;
			shellPath = /bin/sh;
			shellScript = "\"${SRCROOT}/Pods/Target Support Files/Pods-比价/Pods-比价-frameworks.sh\"\n";
			showEnvVarsInLog = 0;
		};
/* End PBXShellScriptBuildPhase section */

/* Begin PBXSourcesBuildPhase section */
		C3F7887D1BF03DD800B48C4D /* Sources */ = {
			isa = PBXSourcesBuildPhase;
			buildActionMask = 2147483647;
			files = (
				C376DDBF1BF1C9D80027610D /* WRNaviTool.m in Sources */,
				C37D1D811BFEF7CF00A16E1A /* NSObject+Common.m in Sources */,
				C35BCC981BFD6BF2005561AF /* WRTipViewController.m in Sources */,
				C35BCCC01BFDBC63005561AF /* SharePicNetManager.m in Sources */,
				C3F459761BF5CB0E0044850E /* SearchViewModel.m in Sources */,
				C37D1D841BFEFCC300A16E1A /* TipDetailView.m in Sources */,
				C3F459601BF5BB160044850E /* WRTitleBarButton.m in Sources */,
				C314012A1C0053F30050400C /* ProfileHeaderView.m in Sources */,
				C3EEB4F31BFB4AFB004EBD7D /* WRToolBar.m in Sources */,
				C35BCC901BFD6ABF005561AF /* PriceView.m in Sources */,
				C3F459831BF5FB100044850E /* WRSearchViewController.m in Sources */,
				C31401301C0061540050400C /* ProfileCollectView.m in Sources */,
				C3282B041BF0D14D00331012 /* BaseNetManager.m in Sources */,
				C3F459721BF5CA280044850E /* SearchNetManager.m in Sources */,
				C35BCCC81BFDF142005561AF /* TipCell.m in Sources */,
				C31401271C0053BD0050400C /* WRProfileViewController.m in Sources */,
				C35BCC8F1BFD6ABF005561AF /* DealsDetailView.m in Sources */,
				C3E4D3F31C01BE8900A38DFB /* WRQAuthViewController.m in Sources */,
				C3ADED121BF7085F006E00BB /* SearchResultModel.m in Sources */,
				C37D1D901BFF4D5800A16E1A /* WRNavigationController.m in Sources */,
				C3EEAE1A1BFAD9DB004EBD7D /* ShopPriceHeaderView.m in Sources */,
				C35BCCAE1BFDAAB2005561AF /* GoodlistCell.m in Sources */,
				C37D1D8A1BFF0B1C00A16E1A /* WRHeadView.m in Sources */,
				C31401231C0050D40050400C /* ProfileModel.m in Sources */,
				C37D1D871BFEFF6000A16E1A /* CommentTableView.m in Sources */,
				C3F4597C1BF5D7140044850E /* WRShopListView.m in Sources */,
				C3EEB4F91BFB5EE7004EBD7D /* WRCover.m in Sources */,
				C3EEB4F61BFB4DE0004EBD7D /* WRCompareView.m in Sources */,
				C35BCC841BFD6A9C005561AF /* DealsPriceInfoModel.m in Sources */,
				C35BCCC41BFDC360005561AF /* TipViewModel.m in Sources */,
				C3282B0B1BF0D41700331012 /* BaseViewModel.m in Sources */,
				C35BCC9B1BFD6D0C005561AF /* WRCommendViewController.m in Sources */,
				C35BCC821BFD6A9C005561AF /* DealsDetailModel.m in Sources */,
				C35BCC681BFD68B6005561AF /* WRTabBarController.m in Sources */,
				C3E4D3D71C01591700A38DFB /* WRLoginViewController.m in Sources */,
				C35BCCA31BFD7A8A005561AF /* CommendViewController.m in Sources */,
				C35BCCCB1BFDF54D005561AF /* ShowPicCell.m in Sources */,
				C3E4D3E11C01681C00A38DFB /* WRRegisViewController.m in Sources */,
				C3ADED1B1BF713DD006E00BB /* WRSearchResultViewController.m in Sources */,
				C3B3FC531BF31E9900879635 /* NSString+Extension.m in Sources */,
				C35BCC831BFD6A9C005561AF /* DealsModel.m in Sources */,
				C35C84991BF08637005ED3B9 /* AppDelegate+Category.m in Sources */,
				C35BCCD11BFDFF21005561AF /* TipViewController.m in Sources */,
				C3F459791BF5CB400044850E /* ShopViewModel.m in Sources */,
				C3B3FC3E1BF2DB7500879635 /* NSString+WREncode.m in Sources */,
				C3F459861BF6050E0044850E /* SearchModel.m in Sources */,
				C3E4D3DE1C01665F00A38DFB /* ProfileRegistView.m in Sources */,
				C35C84961BF08602005ED3B9 /* AppDelegate.m in Sources */,
				C3EEAE1D1BFADAE2004EBD7D /* ShopPriceListView.m in Sources */,
				C314012D1C0057450050400C /* ProfileLoginView.m in Sources */,
				C3F459801BF5F68D0044850E /* WRShopViewController.m in Sources */,
				C37D1D8D1BFF444A00A16E1A /* WRBuyButton.m in Sources */,
				C35BCCB91BFDB5DA005561AF /* WRGoodListViewController.m in Sources */,
				C3F4596A1BF5C0880044850E /* UIImage+Extension.m in Sources */,
				C3F459671BF5BFA70044850E /* WRSearchBar.m in Sources */,
				C3E4D3EC1C01BD4800A38DFB /* WRAccount.m in Sources */,
				C3F788861BF03DD800B48C4D /* main.m in Sources */,
				C35BCC7A1BFD6A80005561AF /* DealsNetManager.m in Sources */,
				C3B91AF21BF9F100006C3056 /* WRShopPriceViewController.m in Sources */,
				C35BCC761BFD6A5C005561AF /* DealsViewModel.m in Sources */,
				C314011F1C004E660050400C /* ProfileView.m in Sources */,
				C31401181C001F880050400C /* WRTipDetailViewController.m in Sources */,
				C3E4D3DB1C01646D00A38DFB /* WRBmobTool.m in Sources */,
				C35BCC6E1BFD6A31005561AF /* DealsDetailViewController.m in Sources */,
				C31401331C00660F0050400C /* ProfileCollectCell.m in Sources */,
				C3E4D3E41C01A23B00A38DFB /* ProfileSettingView.m in Sources */,
				C35BCC9F1BFD786C005561AF /* WRSettingViewController.m in Sources */,
				C3ADED181BF7112D006E00BB /* SearchResultViewModel.m in Sources */,
				C35BCC751BFD6A5C005561AF /* DealsDetailViewModel.m in Sources */,
				C376DDBB1BF1C46E0027610D /* WRLeftViewController.m in Sources */,
				C3CCB5811BF4354B005A0660 /* NSDate+Extension.m in Sources */,
				C35BCCCE1BFDF5F0005561AF /* ShareLableView.m in Sources */,
				C3E4D3EF1C01BD5800A38DFB /* WRAccountTool.m in Sources */,
				C37D1D931BFF50F300A16E1A /* UIBarButtonItem+item.m in Sources */,
				C37D1D7E1BFEC1EC00A16E1A /* TipDetailModel.m in Sources */,
				C3F4596E1BF5C9A20044850E /* ShopModel.m in Sources */,
				C3B91A601BF9B30A006C3056 /* SearchDetailModel.m in Sources */,
				C35BCCAA1BFDA7B8005561AF /* TipListModel.m in Sources */,
				C35C84A21BF0B11C005ED3B9 /* BaseModel.m in Sources */,
				C35BCC8E1BFD6ABF005561AF /* DealsCell.m in Sources */,
				C376DDC51BF20A990027610D /* WRTool.m in Sources */,
				C3ADED151BF70AEC006E00BB /* SearchResultCell.m in Sources */,
				C35BCC911BFD6ABF005561AF /* TimeView.m in Sources */,
				C3B3FC591BF3647D00879635 /* UIView+Extension.m in Sources */,
			);
			runOnlyForDeploymentPostprocessing = 0;
		};
/* End PBXSourcesBuildPhase section */

/* Begin XCBuildConfiguration section */
		C3F788961BF03DD800B48C4D /* Debug */ = {
			isa = XCBuildConfiguration;
			buildSettings = {
				ALWAYS_SEARCH_USER_PATHS = NO;
				CLANG_CXX_LANGUAGE_STANDARD = "gnu++0x";
				CLANG_CXX_LIBRARY = "libc++";
				CLANG_ENABLE_MODULES = YES;
				CLANG_ENABLE_OBJC_ARC = YES;
				CLANG_WARN_BOOL_CONVERSION = YES;
				CLANG_WARN_CONSTANT_CONVERSION = YES;
				CLANG_WARN_DIRECT_OBJC_ISA_USAGE = YES_ERROR;
				CLANG_WARN_EMPTY_BODY = YES;
				CLANG_WARN_ENUM_CONVERSION = YES;
				CLANG_WARN_INT_CONVERSION = YES;
				CLANG_WARN_OBJC_ROOT_CLASS = YES_ERROR;
				CLANG_WARN_UNREACHABLE_CODE = YES;
				CLANG_WARN__DUPLICATE_METHOD_MATCH = YES;
				"CODE_SIGN_IDENTITY[sdk=iphoneos*]" = "iPhone Developer";
				COPY_PHASE_STRIP = NO;
				DEBUG_INFORMATION_FORMAT = dwarf;
				ENABLE_STRICT_OBJC_MSGSEND = YES;
				ENABLE_TESTABILITY = YES;
				GCC_C_LANGUAGE_STANDARD = gnu99;
				GCC_DYNAMIC_NO_PIC = NO;
				GCC_NO_COMMON_BLOCKS = YES;
				GCC_OPTIMIZATION_LEVEL = 0;
				GCC_PREPROCESSOR_DEFINITIONS = (
					"DEBUG=1",
					"$(inherited)",
				);
				GCC_WARN_64_TO_32_BIT_CONVERSION = YES;
				GCC_WARN_ABOUT_RETURN_TYPE = YES_ERROR;
				GCC_WARN_UNDECLARED_SELECTOR = YES;
				GCC_WARN_UNINITIALIZED_AUTOS = YES_AGGRESSIVE;
				GCC_WARN_UNUSED_FUNCTION = YES;
				GCC_WARN_UNUSED_VARIABLE = YES;
				IPHONEOS_DEPLOYMENT_TARGET = 9.1;
				MTL_ENABLE_DEBUG_INFO = YES;
				ONLY_ACTIVE_ARCH = YES;
				SDKROOT = iphoneos;
			};
			name = Debug;
		};
		C3F788971BF03DD800B48C4D /* Release */ = {
			isa = XCBuildConfiguration;
			buildSettings = {
				ALWAYS_SEARCH_USER_PATHS = NO;
				CLANG_CXX_LANGUAGE_STANDARD = "gnu++0x";
				CLANG_CXX_LIBRARY = "libc++";
				CLANG_ENABLE_MODULES = YES;
				CLANG_ENABLE_OBJC_ARC = YES;
				CLANG_WARN_BOOL_CONVERSION = YES;
				CLANG_WARN_CONSTANT_CONVERSION = YES;
				CLANG_WARN_DIRECT_OBJC_ISA_USAGE = YES_ERROR;
				CLANG_WARN_EMPTY_BODY = YES;
				CLANG_WARN_ENUM_CONVERSION = YES;
				CLANG_WARN_INT_CONVERSION = YES;
				CLANG_WARN_OBJC_ROOT_CLASS = YES_ERROR;
				CLANG_WARN_UNREACHABLE_CODE = YES;
				CLANG_WARN__DUPLICATE_METHOD_MATCH = YES;
				"CODE_SIGN_IDENTITY[sdk=iphoneos*]" = "iPhone Developer";
				COPY_PHASE_STRIP = NO;
				DEBUG_INFORMATION_FORMAT = "dwarf-with-dsym";
				ENABLE_NS_ASSERTIONS = NO;
				ENABLE_STRICT_OBJC_MSGSEND = YES;
				GCC_C_LANGUAGE_STANDARD = gnu99;
				GCC_NO_COMMON_BLOCKS = YES;
				GCC_WARN_64_TO_32_BIT_CONVERSION = YES;
				GCC_WARN_ABOUT_RETURN_TYPE = YES_ERROR;
				GCC_WARN_UNDECLARED_SELECTOR = YES;
				GCC_WARN_UNINITIALIZED_AUTOS = YES_AGGRESSIVE;
				GCC_WARN_UNUSED_FUNCTION = YES;
				GCC_WARN_UNUSED_VARIABLE = YES;
				IPHONEOS_DEPLOYMENT_TARGET = 9.1;
				MTL_ENABLE_DEBUG_INFO = NO;
				SDKROOT = iphoneos;
				VALIDATE_PRODUCT = YES;
			};
			name = Release;
		};
		C3F788991BF03DD800B48C4D /* Debug */ = {
			isa = XCBuildConfiguration;
			baseConfigurationReference = 4538C3FDE8CB82AF8BA961F3 /* Pods-比价.debug.xcconfig */;
			buildSettings = {
				ASSETCATALOG_COMPILER_APPICON_NAME = AppIcon;
				ASSETCATALOG_COMPILER_LAUNCHIMAGE_NAME = "Brand Assets";
				CODE_SIGN_IDENTITY = "iPhone Developer";
				"CODE_SIGN_IDENTITY[sdk=iphoneos*]" = "iPhone Developer";
				FRAMEWORK_SEARCH_PATHS = (
					"$(inherited)",
					"$(PROJECT_DIR)/比价/Other/Lib",
				);
				GCC_PREFIX_HEADER = "比价/Other/PrefixHeader.pch";
				INFOPLIST_FILE = "比价/Info.plist";
				IPHONEOS_DEPLOYMENT_TARGET = 7.0;
				LD_RUNPATH_SEARCH_PATHS = "$(inherited) @executable_path/Frameworks";
				PRODUCT_BUNDLE_IDENTIFIER = "cn.tedo.--";
				PRODUCT_NAME = "$(TARGET_NAME)";
				PROVISIONING_PROFILE = "";
			};
			name = Debug;
		};
		C3F7889A1BF03DD800B48C4D /* Release */ = {
			isa = XCBuildConfiguration;
			baseConfigurationReference = 3BE050ECCB04D23616F7091A /* Pods-比价.release.xcconfig */;
			buildSettings = {
				ASSETCATALOG_COMPILER_APPICON_NAME = AppIcon;
				ASSETCATALOG_COMPILER_LAUNCHIMAGE_NAME = "Brand Assets";
				CODE_SIGN_IDENTITY = "iPhone Developer";
				"CODE_SIGN_IDENTITY[sdk=iphoneos*]" = "iPhone Developer";
				FRAMEWORK_SEARCH_PATHS = (
					"$(inherited)",
					"$(PROJECT_DIR)/比价/Other/Lib",
				);
				GCC_PREFIX_HEADER = "比价/Other/PrefixHeader.pch";
				INFOPLIST_FILE = "比价/Info.plist";
				IPHONEOS_DEPLOYMENT_TARGET = 7.0;
				LD_RUNPATH_SEARCH_PATHS = "$(inherited) @executable_path/Frameworks";
				PRODUCT_BUNDLE_IDENTIFIER = "cn.tedo.--";
				PRODUCT_NAME = "$(TARGET_NAME)";
				PROVISIONING_PROFILE = "";
			};
			name = Release;
		};
/* End XCBuildConfiguration section */

/* Begin XCConfigurationList section */
		C3F7887C1BF03DD800B48C4D /* Build configuration list for PBXProject "比价" */ = {
			isa = XCConfigurationList;
			buildConfigurations = (
				C3F788961BF03DD800B48C4D /* Debug */,
				C3F788971BF03DD800B48C4D /* Release */,
			);
			defaultConfigurationIsVisible = 0;
			defaultConfigurationName = Release;
		};
		C3F788981BF03DD800B48C4D /* Build configuration list for PBXNativeTarget "比价" */ = {
			isa = XCConfigurationList;
			buildConfigurations = (
				C3F788991BF03DD800B48C4D /* Debug */,
				C3F7889A1BF03DD800B48C4D /* Release */,
			);
			defaultConfigurationIsVisible = 0;
			defaultConfigurationName = Release;
		};
/* End XCConfigurationList section */
	};
	rootObject = C3F788791BF03DD800B48C4D /* Project object */;
}
